
Microsoft Visual Studio Solution File, Format Version 12.00
# Visual Studio 2013
VisualStudioVersion = 12.0.40629.0
MinimumVisualStudioVersion = 10.0.40219.1
Project("{FAE04EC0-301F-11D3-BF4B-00C04F79EFBC}") = "MaxiKioscos.Web", "MaxiKioscos.Web\MaxiKioscos.Web.csproj", "{AD9979F2-35B1-4A46-8911-FBD42A5D4389}"
	ProjectSection(ProjectDependencies) = postProject
		{07169BFC-8C4B-4247-A607-63F3AF0BE3DF} = {07169BFC-8C4B-4247-A607-63F3AF0BE3DF}
	EndProjectSection
EndProject
Project("{2150E333-8FDC-42A3-9474-1A3956D46DE8}") = "Presentacion", "Presentacion", "{D45212B8-0FF6-4876-AB55-B7F42A7052BA}"
EndProject
Project("{FAE04EC0-301F-11D3-BF4B-00C04F79EFBC}") = "MaxiKioscos.Winforms", "MaxiKioscos.Winforms\MaxiKioscos.Winforms.csproj", "{8FF1E4DA-9DB0-479B-8555-2640B23A0521}"
	ProjectSection(ProjectDependencies) = postProject
		{07169BFC-8C4B-4247-A607-63F3AF0BE3DF} = {07169BFC-8C4B-4247-A607-63F3AF0BE3DF}
	EndProjectSection
EndProject
Project("{FAE04EC0-301F-11D3-BF4B-00C04F79EFBC}") = "MaxiKioscos.Datos", "MaxiKioscos.Datos\MaxiKioscos.Datos.csproj", "{FA0797C2-B5E3-4D5E-A401-A7D6EA896293}"
EndProject
Project("{FAE04EC0-301F-11D3-BF4B-00C04F79EFBC}") = "MaxiKioscos.Entidades", "MaxiKioscos.Entidades\MaxiKioscos.Entidades.csproj", "{28B83EAB-BECF-46B3-908F-B787BD10D367}"
EndProject
Project("{FAE04EC0-301F-11D3-BF4B-00C04F79EFBC}") = "MaxiKioscos.Seguridad", "MaxiKioscos.Seguridad\MaxiKioscos.Seguridad.csproj", "{4CFF7C06-39A8-42B2-933E-9114746C2148}"
EndProject
Project("{FAE04EC0-301F-11D3-BF4B-00C04F79EFBC}") = "MaxiKiosco.Seguridad.WebSecurity", "MaxiKiosco.Seguridad.WebSecurity\MaxiKiosco.Seguridad.WebSecurity.csproj", "{68110E34-C47A-4299-B9FD-388EF354C434}"
EndProject
Project("{2150E333-8FDC-42A3-9474-1A3956D46DE8}") = "Seguridad", "Seguridad", "{CAD9A252-768C-4D5E-882C-992F5F636F10}"
EndProject
Project("{FAE04EC0-301F-11D3-BF4B-00C04F79EFBC}") = "MaxiKioscos.Web.Comun", "MaxiKioscos.Web.Comun\MaxiKioscos.Web.Comun.csproj", "{C75FC4D0-A024-4361-A824-3FE7CA653AFB}"
EndProject
Project("{FAE04EC0-301F-11D3-BF4B-00C04F79EFBC}") = "MaxiKiosco.Win.Util", "Util\MaxiKiosco.Win.Util.csproj", "{EA2FB179-2C13-45C6-882D-A9C61B442CC4}"
EndProject
Project("{FAE04EC0-301F-11D3-BF4B-00C04F79EFBC}") = "MaxiKioscos.Reportes", "MaxiKioscos.Reportes\MaxiKioscos.Reportes.csproj", "{B2478518-303E-49F4-9409-19B1C01D7CB7}"
EndProject
Project("{2150E333-8FDC-42A3-9474-1A3956D46DE8}") = "Servicios", "Servicios", "{73D0D9B6-997D-458E-B770-89313E7D31CD}"
EndProject
Project("{FAE04EC0-301F-11D3-BF4B-00C04F79EFBC}") = "MaxiKioscos.Services", "MaxiKioscos.Services\MaxiKioscos.Services.csproj", "{07169BFC-8C4B-4247-A607-63F3AF0BE3DF}"
EndProject
Project("{FAE04EC0-301F-11D3-BF4B-00C04F79EFBC}") = "MaxiKioscos.IoC", "MaxiKioscos.IoC\MaxiKioscos.IoC.csproj", "{934FEBE9-9F45-49F5-BB0A-4BDE02F3B68B}"
EndProject
Project("{FAE04EC0-301F-11D3-BF4B-00C04F79EFBC}") = "MaxiKioscos.Negocio", "MaxiKioscos.Negocio\MaxiKioscos.Negocio.csproj", "{0E3617F2-A0D0-4509-B16D-14D4652CF6F0}"
EndProject
Project("{FAE04EC0-301F-11D3-BF4B-00C04F79EFBC}") = "MaxiKioscos.Services.Contracts", "MaxiKioscos.Services.Contracts\MaxiKioscos.Services.Contracts.csproj", "{D0A3254E-4F0E-46F7-B6D0-4B64C1189B10}"
EndProject
Project("{FAE04EC0-301F-11D3-BF4B-00C04F79EFBC}") = "Maxikioscos.Comun", "Maxikioscos.Comun\Maxikioscos.Comun.csproj", "{A0460B78-FCAF-49F7-AEC1-8856C3F65AD3}"
EndProject
Project("{2150E333-8FDC-42A3-9474-1A3956D46DE8}") = "Comun", "Comun", "{C22B13BA-DEAE-418E-96C9-2459B7B16D9F}"
EndProject
Project("{FAE04EC0-301F-11D3-BF4B-00C04F79EFBC}") = "MaxiKioscos.Email", "MaxiKioscos.Email\MaxiKioscos.Email.csproj", "{72918C73-F0A4-434B-836F-E06E75D59F86}"
EndProject
Project("{2150E333-8FDC-42A3-9474-1A3956D46DE8}") = ".nuget", ".nuget", "{772FDF86-E028-44DA-BBCB-7F50A76FA4DC}"
	ProjectSection(SolutionItems) = preProject
		.nuget\NuGet.Config = .nuget\NuGet.Config
		.nuget\NuGet.exe = .nuget\NuGet.exe
		.nuget\NuGet.targets = .nuget\NuGet.targets
	EndProjectSection
EndProject
Project("{00D1A9C2-B5F0-4AF3-8072-F6C62B433612}") = "MaxiKioscos.Database", "MaxiKioscos.Database\MaxiKioscos.Database.sqlproj", "{534BDC80-ACF4-4BA8-8DCD-4600F1DF6C88}"
EndProject
Project("{FAE04EC0-301F-11D3-BF4B-00C04F79EFBC}") = "MaxiKioscos.Mobile.Api", "MaxiKioscos.Mobile.Api\MaxiKioscos.Mobile.Api.csproj", "{49A9978D-C364-4C88-BDC6-C00BE0E93966}"
EndProject
Global
	GlobalSection(SolutionConfigurationPlatforms) = preSolution
		Debug|Android = Debug|Android
		Debug|Any CPU = Debug|Any CPU
		Debug|iOS = Debug|iOS
		Debug|Mixed Platforms = Debug|Mixed Platforms
		Debug|Windows Phone (Universal) = Debug|Windows Phone (Universal)
		Debug|Windows Phone 8 = Debug|Windows Phone 8
		Debug|Windows-AnyCPU = Debug|Windows-AnyCPU
		Debug|Windows-ARM = Debug|Windows-ARM
		Debug|Windows-x64 = Debug|Windows-x64
		Debug|Windows-x86 = Debug|Windows-x86
		Distribution|Android = Distribution|Android
		Distribution|Any CPU = Distribution|Any CPU
		Distribution|iOS = Distribution|iOS
		Distribution|Mixed Platforms = Distribution|Mixed Platforms
		Distribution|Windows Phone (Universal) = Distribution|Windows Phone (Universal)
		Distribution|Windows Phone 8 = Distribution|Windows Phone 8
		Distribution|Windows-AnyCPU = Distribution|Windows-AnyCPU
		Distribution|Windows-ARM = Distribution|Windows-ARM
		Distribution|Windows-x64 = Distribution|Windows-x64
		Distribution|Windows-x86 = Distribution|Windows-x86
		Release|Android = Release|Android
		Release|Any CPU = Release|Any CPU
		Release|iOS = Release|iOS
		Release|Mixed Platforms = Release|Mixed Platforms
		Release|Windows Phone (Universal) = Release|Windows Phone (Universal)
		Release|Windows Phone 8 = Release|Windows Phone 8
		Release|Windows-AnyCPU = Release|Windows-AnyCPU
		Release|Windows-ARM = Release|Windows-ARM
		Release|Windows-x64 = Release|Windows-x64
		Release|Windows-x86 = Release|Windows-x86
		Test|Android = Test|Android
		Test|Any CPU = Test|Any CPU
		Test|iOS = Test|iOS
		Test|Mixed Platforms = Test|Mixed Platforms
		Test|Windows Phone (Universal) = Test|Windows Phone (Universal)
		Test|Windows Phone 8 = Test|Windows Phone 8
		Test|Windows-AnyCPU = Test|Windows-AnyCPU
		Test|Windows-ARM = Test|Windows-ARM
		Test|Windows-x64 = Test|Windows-x64
		Test|Windows-x86 = Test|Windows-x86
	EndGlobalSection
	GlobalSection(ProjectConfigurationPlatforms) = postSolution
		{AD9979F2-35B1-4A46-8911-FBD42A5D4389}.Debug|Android.ActiveCfg = Debug|Any CPU
		{AD9979F2-35B1-4A46-8911-FBD42A5D4389}.Debug|Any CPU.ActiveCfg = Debug|Any CPU
		{AD9979F2-35B1-4A46-8911-FBD42A5D4389}.Debug|Any CPU.Build.0 = Debug|Any CPU
		{AD9979F2-35B1-4A46-8911-FBD42A5D4389}.Debug|iOS.ActiveCfg = Debug|Any CPU
		{AD9979F2-35B1-4A46-8911-FBD42A5D4389}.Debug|Mixed Platforms.ActiveCfg = Debug|Any CPU
		{AD9979F2-35B1-4A46-8911-FBD42A5D4389}.Debug|Mixed Platforms.Build.0 = Debug|Any CPU
		{AD9979F2-35B1-4A46-8911-FBD42A5D4389}.Debug|Windows Phone (Universal).ActiveCfg = Debug|Any CPU
		{AD9979F2-35B1-4A46-8911-FBD42A5D4389}.Debug|Windows Phone 8.ActiveCfg = Debug|Any CPU
		{AD9979F2-35B1-4A46-8911-FBD42A5D4389}.Debug|Windows-AnyCPU.ActiveCfg = Debug|Any CPU
		{AD9979F2-35B1-4A46-8911-FBD42A5D4389}.Debug|Windows-ARM.ActiveCfg = Debug|Any CPU
		{AD9979F2-35B1-4A46-8911-FBD42A5D4389}.Debug|Windows-x64.ActiveCfg = Debug|Any CPU
		{AD9979F2-35B1-4A46-8911-FBD42A5D4389}.Debug|Windows-x86.ActiveCfg = Debug|Any CPU
		{AD9979F2-35B1-4A46-8911-FBD42A5D4389}.Distribution|Android.ActiveCfg = Debug|Any CPU
		{AD9979F2-35B1-4A46-8911-FBD42A5D4389}.Distribution|Any CPU.ActiveCfg = Debug|Any CPU
		{AD9979F2-35B1-4A46-8911-FBD42A5D4389}.Distribution|Any CPU.Build.0 = Debug|Any CPU
		{AD9979F2-35B1-4A46-8911-FBD42A5D4389}.Distribution|iOS.ActiveCfg = Debug|Any CPU
		{AD9979F2-35B1-4A46-8911-FBD42A5D4389}.Distribution|Mixed Platforms.ActiveCfg = Debug|Any CPU
		{AD9979F2-35B1-4A46-8911-FBD42A5D4389}.Distribution|Mixed Platforms.Build.0 = Debug|Any CPU
		{AD9979F2-35B1-4A46-8911-FBD42A5D4389}.Distribution|Windows Phone (Universal).ActiveCfg = Debug|Any CPU
		{AD9979F2-35B1-4A46-8911-FBD42A5D4389}.Distribution|Windows Phone 8.ActiveCfg = Debug|Any CPU
		{AD9979F2-35B1-4A46-8911-FBD42A5D4389}.Distribution|Windows-AnyCPU.ActiveCfg = Debug|Any CPU
		{AD9979F2-35B1-4A46-8911-FBD42A5D4389}.Distribution|Windows-ARM.ActiveCfg = Debug|Any CPU
		{AD9979F2-35B1-4A46-8911-FBD42A5D4389}.Distribution|Windows-x64.ActiveCfg = Debug|Any CPU
		{AD9979F2-35B1-4A46-8911-FBD42A5D4389}.Distribution|Windows-x86.ActiveCfg = Debug|Any CPU
		{AD9979F2-35B1-4A46-8911-FBD42A5D4389}.Release|Android.ActiveCfg = Release|Any CPU
		{AD9979F2-35B1-4A46-8911-FBD42A5D4389}.Release|Any CPU.ActiveCfg = Release|Any CPU
		{AD9979F2-35B1-4A46-8911-FBD42A5D4389}.Release|Any CPU.Build.0 = Release|Any CPU
		{AD9979F2-35B1-4A46-8911-FBD42A5D4389}.Release|iOS.ActiveCfg = Release|Any CPU
		{AD9979F2-35B1-4A46-8911-FBD42A5D4389}.Release|Mixed Platforms.ActiveCfg = Release|Any CPU
		{AD9979F2-35B1-4A46-8911-FBD42A5D4389}.Release|Mixed Platforms.Build.0 = Release|Any CPU
		{AD9979F2-35B1-4A46-8911-FBD42A5D4389}.Release|Windows Phone (Universal).ActiveCfg = Release|Any CPU
		{AD9979F2-35B1-4A46-8911-FBD42A5D4389}.Release|Windows Phone 8.ActiveCfg = Release|Any CPU
		{AD9979F2-35B1-4A46-8911-FBD42A5D4389}.Release|Windows-AnyCPU.ActiveCfg = Release|Any CPU
		{AD9979F2-35B1-4A46-8911-FBD42A5D4389}.Release|Windows-ARM.ActiveCfg = Release|Any CPU
		{AD9979F2-35B1-4A46-8911-FBD42A5D4389}.Release|Windows-x64.ActiveCfg = Release|Any CPU
		{AD9979F2-35B1-4A46-8911-FBD42A5D4389}.Release|Windows-x86.ActiveCfg = Release|Any CPU
		{AD9979F2-35B1-4A46-8911-FBD42A5D4389}.Test|Android.ActiveCfg = Test|Any CPU
		{AD9979F2-35B1-4A46-8911-FBD42A5D4389}.Test|Any CPU.ActiveCfg = Test|Any CPU
		{AD9979F2-35B1-4A46-8911-FBD42A5D4389}.Test|Any CPU.Build.0 = Test|Any CPU
		{AD9979F2-35B1-4A46-8911-FBD42A5D4389}.Test|iOS.ActiveCfg = Test|Any CPU
		{AD9979F2-35B1-4A46-8911-FBD42A5D4389}.Test|Mixed Platforms.ActiveCfg = Test|Any CPU
		{AD9979F2-35B1-4A46-8911-FBD42A5D4389}.Test|Mixed Platforms.Build.0 = Test|Any CPU
		{AD9979F2-35B1-4A46-8911-FBD42A5D4389}.Test|Windows Phone (Universal).ActiveCfg = Test|Any CPU
		{AD9979F2-35B1-4A46-8911-FBD42A5D4389}.Test|Windows Phone 8.ActiveCfg = Test|Any CPU
		{AD9979F2-35B1-4A46-8911-FBD42A5D4389}.Test|Windows-AnyCPU.ActiveCfg = Test|Any CPU
		{AD9979F2-35B1-4A46-8911-FBD42A5D4389}.Test|Windows-ARM.ActiveCfg = Test|Any CPU
		{AD9979F2-35B1-4A46-8911-FBD42A5D4389}.Test|Windows-x64.ActiveCfg = Test|Any CPU
		{AD9979F2-35B1-4A46-8911-FBD42A5D4389}.Test|Windows-x86.ActiveCfg = Test|Any CPU
		{8FF1E4DA-9DB0-479B-8555-2640B23A0521}.Debug|Android.ActiveCfg = Debug|Any CPU
		{8FF1E4DA-9DB0-479B-8555-2640B23A0521}.Debug|Any CPU.ActiveCfg = Debug|Any CPU
		{8FF1E4DA-9DB0-479B-8555-2640B23A0521}.Debug|Any CPU.Build.0 = Debug|Any CPU
		{8FF1E4DA-9DB0-479B-8555-2640B23A0521}.Debug|iOS.ActiveCfg = Debug|Any CPU
		{8FF1E4DA-9DB0-479B-8555-2640B23A0521}.Debug|Mixed Platforms.ActiveCfg = Debug|Any CPU
		{8FF1E4DA-9DB0-479B-8555-2640B23A0521}.Debug|Mixed Platforms.Build.0 = Debug|Any CPU
		{8FF1E4DA-9DB0-479B-8555-2640B23A0521}.Debug|Windows Phone (Universal).ActiveCfg = Debug|Any CPU
		{8FF1E4DA-9DB0-479B-8555-2640B23A0521}.Debug|Windows Phone 8.ActiveCfg = Debug|Any CPU
		{8FF1E4DA-9DB0-479B-8555-2640B23A0521}.Debug|Windows-AnyCPU.ActiveCfg = Debug|Any CPU
		{8FF1E4DA-9DB0-479B-8555-2640B23A0521}.Debug|Windows-ARM.ActiveCfg = Debug|Any CPU
		{8FF1E4DA-9DB0-479B-8555-2640B23A0521}.Debug|Windows-x64.ActiveCfg = Debug|Any CPU
		{8FF1E4DA-9DB0-479B-8555-2640B23A0521}.Debug|Windows-x86.ActiveCfg = Debug|Any CPU
		{8FF1E4DA-9DB0-479B-8555-2640B23A0521}.Distribution|Android.ActiveCfg = Debug|Any CPU
		{8FF1E4DA-9DB0-479B-8555-2640B23A0521}.Distribution|Any CPU.ActiveCfg = Debug|Any CPU
		{8FF1E4DA-9DB0-479B-8555-2640B23A0521}.Distribution|Any CPU.Build.0 = Debug|Any CPU
		{8FF1E4DA-9DB0-479B-8555-2640B23A0521}.Distribution|iOS.ActiveCfg = Debug|Any CPU
		{8FF1E4DA-9DB0-479B-8555-2640B23A0521}.Distribution|Mixed Platforms.ActiveCfg = Debug|Any CPU
		{8FF1E4DA-9DB0-479B-8555-2640B23A0521}.Distribution|Mixed Platforms.Build.0 = Debug|Any CPU
		{8FF1E4DA-9DB0-479B-8555-2640B23A0521}.Distribution|Windows Phone (Universal).ActiveCfg = Debug|Any CPU
		{8FF1E4DA-9DB0-479B-8555-2640B23A0521}.Distribution|Windows Phone 8.ActiveCfg = Debug|Any CPU
		{8FF1E4DA-9DB0-479B-8555-2640B23A0521}.Distribution|Windows-AnyCPU.ActiveCfg = Debug|Any CPU
		{8FF1E4DA-9DB0-479B-8555-2640B23A0521}.Distribution|Windows-ARM.ActiveCfg = Debug|Any CPU
		{8FF1E4DA-9DB0-479B-8555-2640B23A0521}.Distribution|Windows-x64.ActiveCfg = Debug|Any CPU
		{8FF1E4DA-9DB0-479B-8555-2640B23A0521}.Distribution|Windows-x86.ActiveCfg = Debug|Any CPU
		{8FF1E4DA-9DB0-479B-8555-2640B23A0521}.Release|Android.ActiveCfg = Release|Any CPU
		{8FF1E4DA-9DB0-479B-8555-2640B23A0521}.Release|Any CPU.ActiveCfg = Release|Any CPU
		{8FF1E4DA-9DB0-479B-8555-2640B23A0521}.Release|Any CPU.Build.0 = Release|Any CPU
		{8FF1E4DA-9DB0-479B-8555-2640B23A0521}.Release|iOS.ActiveCfg = Release|Any CPU
		{8FF1E4DA-9DB0-479B-8555-2640B23A0521}.Release|Mixed Platforms.ActiveCfg = Release|Any CPU
		{8FF1E4DA-9DB0-479B-8555-2640B23A0521}.Release|Mixed Platforms.Build.0 = Release|Any CPU
		{8FF1E4DA-9DB0-479B-8555-2640B23A0521}.Release|Windows Phone (Universal).ActiveCfg = Release|Any CPU
		{8FF1E4DA-9DB0-479B-8555-2640B23A0521}.Release|Windows Phone 8.ActiveCfg = Release|Any CPU
		{8FF1E4DA-9DB0-479B-8555-2640B23A0521}.Release|Windows-AnyCPU.ActiveCfg = Release|Any CPU
		{8FF1E4DA-9DB0-479B-8555-2640B23A0521}.Release|Windows-ARM.ActiveCfg = Release|Any CPU
		{8FF1E4DA-9DB0-479B-8555-2640B23A0521}.Release|Windows-x64.ActiveCfg = Release|Any CPU
		{8FF1E4DA-9DB0-479B-8555-2640B23A0521}.Release|Windows-x86.ActiveCfg = Release|Any CPU
		{8FF1E4DA-9DB0-479B-8555-2640B23A0521}.Test|Android.ActiveCfg = Test|Any CPU
		{8FF1E4DA-9DB0-479B-8555-2640B23A0521}.Test|Any CPU.ActiveCfg = Test|Any CPU
		{8FF1E4DA-9DB0-479B-8555-2640B23A0521}.Test|Any CPU.Build.0 = Test|Any CPU
		{8FF1E4DA-9DB0-479B-8555-2640B23A0521}.Test|iOS.ActiveCfg = Test|Any CPU
		{8FF1E4DA-9DB0-479B-8555-2640B23A0521}.Test|Mixed Platforms.ActiveCfg = Test|Any CPU
		{8FF1E4DA-9DB0-479B-8555-2640B23A0521}.Test|Mixed Platforms.Build.0 = Test|Any CPU
		{8FF1E4DA-9DB0-479B-8555-2640B23A0521}.Test|Windows Phone (Universal).ActiveCfg = Test|Any CPU
		{8FF1E4DA-9DB0-479B-8555-2640B23A0521}.Test|Windows Phone 8.ActiveCfg = Test|Any CPU
		{8FF1E4DA-9DB0-479B-8555-2640B23A0521}.Test|Windows-AnyCPU.ActiveCfg = Test|Any CPU
		{8FF1E4DA-9DB0-479B-8555-2640B23A0521}.Test|Windows-ARM.ActiveCfg = Test|Any CPU
		{8FF1E4DA-9DB0-479B-8555-2640B23A0521}.Test|Windows-x64.ActiveCfg = Test|Any CPU
		{8FF1E4DA-9DB0-479B-8555-2640B23A0521}.Test|Windows-x86.ActiveCfg = Test|Any CPU
		{FA0797C2-B5E3-4D5E-A401-A7D6EA896293}.Debug|Android.ActiveCfg = Debug|Any CPU
		{FA0797C2-B5E3-4D5E-A401-A7D6EA896293}.Debug|Any CPU.ActiveCfg = Debug|Any CPU
		{FA0797C2-B5E3-4D5E-A401-A7D6EA896293}.Debug|Any CPU.Build.0 = Debug|Any CPU
		{FA0797C2-B5E3-4D5E-A401-A7D6EA896293}.Debug|iOS.ActiveCfg = Debug|Any CPU
		{FA0797C2-B5E3-4D5E-A401-A7D6EA896293}.Debug|Mixed Platforms.ActiveCfg = Debug|Any CPU
		{FA0797C2-B5E3-4D5E-A401-A7D6EA896293}.Debug|Mixed Platforms.Build.0 = Debug|Any CPU
		{FA0797C2-B5E3-4D5E-A401-A7D6EA896293}.Debug|Windows Phone (Universal).ActiveCfg = Debug|Any CPU
		{FA0797C2-B5E3-4D5E-A401-A7D6EA896293}.Debug|Windows Phone 8.ActiveCfg = Debug|Any CPU
		{FA0797C2-B5E3-4D5E-A401-A7D6EA896293}.Debug|Windows-AnyCPU.ActiveCfg = Debug|Any CPU
		{FA0797C2-B5E3-4D5E-A401-A7D6EA896293}.Debug|Windows-ARM.ActiveCfg = Debug|Any CPU
		{FA0797C2-B5E3-4D5E-A401-A7D6EA896293}.Debug|Windows-x64.ActiveCfg = Debug|Any CPU
		{FA0797C2-B5E3-4D5E-A401-A7D6EA896293}.Debug|Windows-x86.ActiveCfg = Debug|Any CPU
		{FA0797C2-B5E3-4D5E-A401-A7D6EA896293}.Distribution|Android.ActiveCfg = Debug|Any CPU
		{FA0797C2-B5E3-4D5E-A401-A7D6EA896293}.Distribution|Any CPU.ActiveCfg = Debug|Any CPU
		{FA0797C2-B5E3-4D5E-A401-A7D6EA896293}.Distribution|Any CPU.Build.0 = Debug|Any CPU
		{FA0797C2-B5E3-4D5E-A401-A7D6EA896293}.Distribution|iOS.ActiveCfg = Debug|Any CPU
		{FA0797C2-B5E3-4D5E-A401-A7D6EA896293}.Distribution|Mixed Platforms.ActiveCfg = Debug|Any CPU
		{FA0797C2-B5E3-4D5E-A401-A7D6EA896293}.Distribution|Mixed Platforms.Build.0 = Debug|Any CPU
		{FA0797C2-B5E3-4D5E-A401-A7D6EA896293}.Distribution|Windows Phone (Universal).ActiveCfg = Debug|Any CPU
		{FA0797C2-B5E3-4D5E-A401-A7D6EA896293}.Distribution|Windows Phone 8.ActiveCfg = Debug|Any CPU
		{FA0797C2-B5E3-4D5E-A401-A7D6EA896293}.Distribution|Windows-AnyCPU.ActiveCfg = Debug|Any CPU
		{FA0797C2-B5E3-4D5E-A401-A7D6EA896293}.Distribution|Windows-ARM.ActiveCfg = Debug|Any CPU
		{FA0797C2-B5E3-4D5E-A401-A7D6EA896293}.Distribution|Windows-x64.ActiveCfg = Debug|Any CPU
		{FA0797C2-B5E3-4D5E-A401-A7D6EA896293}.Distribution|Windows-x86.ActiveCfg = Debug|Any CPU
		{FA0797C2-B5E3-4D5E-A401-A7D6EA896293}.Release|Android.ActiveCfg = Release|Any CPU
		{FA0797C2-B5E3-4D5E-A401-A7D6EA896293}.Release|Any CPU.ActiveCfg = Release|Any CPU
		{FA0797C2-B5E3-4D5E-A401-A7D6EA896293}.Release|Any CPU.Build.0 = Release|Any CPU
		{FA0797C2-B5E3-4D5E-A401-A7D6EA896293}.Release|iOS.ActiveCfg = Release|Any CPU
		{FA0797C2-B5E3-4D5E-A401-A7D6EA896293}.Release|Mixed Platforms.ActiveCfg = Release|Any CPU
		{FA0797C2-B5E3-4D5E-A401-A7D6EA896293}.Release|Mixed Platforms.Build.0 = Release|Any CPU
		{FA0797C2-B5E3-4D5E-A401-A7D6EA896293}.Release|Windows Phone (Universal).ActiveCfg = Release|Any CPU
		{FA0797C2-B5E3-4D5E-A401-A7D6EA896293}.Release|Windows Phone 8.ActiveCfg = Release|Any CPU
		{FA0797C2-B5E3-4D5E-A401-A7D6EA896293}.Release|Windows-AnyCPU.ActiveCfg = Release|Any CPU
		{FA0797C2-B5E3-4D5E-A401-A7D6EA896293}.Release|Windows-ARM.ActiveCfg = Release|Any CPU
		{FA0797C2-B5E3-4D5E-A401-A7D6EA896293}.Release|Windows-x64.ActiveCfg = Release|Any CPU
		{FA0797C2-B5E3-4D5E-A401-A7D6EA896293}.Release|Windows-x86.ActiveCfg = Release|Any CPU
		{FA0797C2-B5E3-4D5E-A401-A7D6EA896293}.Test|Android.ActiveCfg = Test|Any CPU
		{FA0797C2-B5E3-4D5E-A401-A7D6EA896293}.Test|Any CPU.ActiveCfg = Test|Any CPU
		{FA0797C2-B5E3-4D5E-A401-A7D6EA896293}.Test|Any CPU.Build.0 = Test|Any CPU
		{FA0797C2-B5E3-4D5E-A401-A7D6EA896293}.Test|iOS.ActiveCfg = Test|Any CPU
		{FA0797C2-B5E3-4D5E-A401-A7D6EA896293}.Test|Mixed Platforms.ActiveCfg = Test|Any CPU
		{FA0797C2-B5E3-4D5E-A401-A7D6EA896293}.Test|Mixed Platforms.Build.0 = Test|Any CPU
		{FA0797C2-B5E3-4D5E-A401-A7D6EA896293}.Test|Windows Phone (Universal).ActiveCfg = Test|Any CPU
		{FA0797C2-B5E3-4D5E-A401-A7D6EA896293}.Test|Windows Phone 8.ActiveCfg = Test|Any CPU
		{FA0797C2-B5E3-4D5E-A401-A7D6EA896293}.Test|Windows-AnyCPU.ActiveCfg = Test|Any CPU
		{FA0797C2-B5E3-4D5E-A401-A7D6EA896293}.Test|Windows-ARM.ActiveCfg = Test|Any CPU
		{FA0797C2-B5E3-4D5E-A401-A7D6EA896293}.Test|Windows-x64.ActiveCfg = Test|Any CPU
		{FA0797C2-B5E3-4D5E-A401-A7D6EA896293}.Test|Windows-x86.ActiveCfg = Test|Any CPU
		{28B83EAB-BECF-46B3-908F-B787BD10D367}.Debug|Android.ActiveCfg = Debug|Any CPU
		{28B83EAB-BECF-46B3-908F-B787BD10D367}.Debug|Any CPU.ActiveCfg = Debug|Any CPU
		{28B83EAB-BECF-46B3-908F-B787BD10D367}.Debug|Any CPU.Build.0 = Debug|Any CPU
		{28B83EAB-BECF-46B3-908F-B787BD10D367}.Debug|iOS.ActiveCfg = Debug|Any CPU
		{28B83EAB-BECF-46B3-908F-B787BD10D367}.Debug|Mixed Platforms.ActiveCfg = Debug|Any CPU
		{28B83EAB-BECF-46B3-908F-B787BD10D367}.Debug|Mixed Platforms.Build.0 = Debug|Any CPU
		{28B83EAB-BECF-46B3-908F-B787BD10D367}.Debug|Windows Phone (Universal).ActiveCfg = Debug|Any CPU
		{28B83EAB-BECF-46B3-908F-B787BD10D367}.Debug|Windows Phone 8.ActiveCfg = Debug|Any CPU
		{28B83EAB-BECF-46B3-908F-B787BD10D367}.Debug|Windows-AnyCPU.ActiveCfg = Debug|Any CPU
		{28B83EAB-BECF-46B3-908F-B787BD10D367}.Debug|Windows-ARM.ActiveCfg = Debug|Any CPU
		{28B83EAB-BECF-46B3-908F-B787BD10D367}.Debug|Windows-x64.ActiveCfg = Debug|Any CPU
		{28B83EAB-BECF-46B3-908F-B787BD10D367}.Debug|Windows-x86.ActiveCfg = Debug|Any CPU
		{28B83EAB-BECF-46B3-908F-B787BD10D367}.Distribution|Android.ActiveCfg = Debug|Any CPU
		{28B83EAB-BECF-46B3-908F-B787BD10D367}.Distribution|Any CPU.ActiveCfg = Debug|Any CPU
		{28B83EAB-BECF-46B3-908F-B787BD10D367}.Distribution|Any CPU.Build.0 = Debug|Any CPU
		{28B83EAB-BECF-46B3-908F-B787BD10D367}.Distribution|iOS.ActiveCfg = Debug|Any CPU
		{28B83EAB-BECF-46B3-908F-B787BD10D367}.Distribution|Mixed Platforms.ActiveCfg = Debug|Any CPU
		{28B83EAB-BECF-46B3-908F-B787BD10D367}.Distribution|Mixed Platforms.Build.0 = Debug|Any CPU
		{28B83EAB-BECF-46B3-908F-B787BD10D367}.Distribution|Windows Phone (Universal).ActiveCfg = Debug|Any CPU
		{28B83EAB-BECF-46B3-908F-B787BD10D367}.Distribution|Windows Phone 8.ActiveCfg = Debug|Any CPU
		{28B83EAB-BECF-46B3-908F-B787BD10D367}.Distribution|Windows-AnyCPU.ActiveCfg = Debug|Any CPU
		{28B83EAB-BECF-46B3-908F-B787BD10D367}.Distribution|Windows-ARM.ActiveCfg = Debug|Any CPU
		{28B83EAB-BECF-46B3-908F-B787BD10D367}.Distribution|Windows-x64.ActiveCfg = Debug|Any CPU
		{28B83EAB-BECF-46B3-908F-B787BD10D367}.Distribution|Windows-x86.ActiveCfg = Debug|Any CPU
		{28B83EAB-BECF-46B3-908F-B787BD10D367}.Release|Android.ActiveCfg = Release|Any CPU
		{28B83EAB-BECF-46B3-908F-B787BD10D367}.Release|Any CPU.ActiveCfg = Release|Any CPU
		{28B83EAB-BECF-46B3-908F-B787BD10D367}.Release|Any CPU.Build.0 = Release|Any CPU
		{28B83EAB-BECF-46B3-908F-B787BD10D367}.Release|iOS.ActiveCfg = Release|Any CPU
		{28B83EAB-BECF-46B3-908F-B787BD10D367}.Release|Mixed Platforms.ActiveCfg = Release|Any CPU
		{28B83EAB-BECF-46B3-908F-B787BD10D367}.Release|Mixed Platforms.Build.0 = Release|Any CPU
		{28B83EAB-BECF-46B3-908F-B787BD10D367}.Release|Windows Phone (Universal).ActiveCfg = Release|Any CPU
		{28B83EAB-BECF-46B3-908F-B787BD10D367}.Release|Windows Phone 8.ActiveCfg = Release|Any CPU
		{28B83EAB-BECF-46B3-908F-B787BD10D367}.Release|Windows-AnyCPU.ActiveCfg = Release|Any CPU
		{28B83EAB-BECF-46B3-908F-B787BD10D367}.Release|Windows-ARM.ActiveCfg = Release|Any CPU
		{28B83EAB-BECF-46B3-908F-B787BD10D367}.Release|Windows-x64.ActiveCfg = Release|Any CPU
		{28B83EAB-BECF-46B3-908F-B787BD10D367}.Release|Windows-x86.ActiveCfg = Release|Any CPU
		{28B83EAB-BECF-46B3-908F-B787BD10D367}.Test|Android.ActiveCfg = Test|Any CPU
		{28B83EAB-BECF-46B3-908F-B787BD10D367}.Test|Any CPU.ActiveCfg = Test|Any CPU
		{28B83EAB-BECF-46B3-908F-B787BD10D367}.Test|Any CPU.Build.0 = Test|Any CPU
		{28B83EAB-BECF-46B3-908F-B787BD10D367}.Test|iOS.ActiveCfg = Test|Any CPU
		{28B83EAB-BECF-46B3-908F-B787BD10D367}.Test|Mixed Platforms.ActiveCfg = Test|Any CPU
		{28B83EAB-BECF-46B3-908F-B787BD10D367}.Test|Mixed Platforms.Build.0 = Test|Any CPU
		{28B83EAB-BECF-46B3-908F-B787BD10D367}.Test|Windows Phone (Universal).ActiveCfg = Test|Any CPU
		{28B83EAB-BECF-46B3-908F-B787BD10D367}.Test|Windows Phone 8.ActiveCfg = Test|Any CPU
		{28B83EAB-BECF-46B3-908F-B787BD10D367}.Test|Windows-AnyCPU.ActiveCfg = Test|Any CPU
		{28B83EAB-BECF-46B3-908F-B787BD10D367}.Test|Windows-ARM.ActiveCfg = Test|Any CPU
		{28B83EAB-BECF-46B3-908F-B787BD10D367}.Test|Windows-x64.ActiveCfg = Test|Any CPU
		{28B83EAB-BECF-46B3-908F-B787BD10D367}.Test|Windows-x86.ActiveCfg = Test|Any CPU
		{4CFF7C06-39A8-42B2-933E-9114746C2148}.Debug|Android.ActiveCfg = Debug|Any CPU
		{4CFF7C06-39A8-42B2-933E-9114746C2148}.Debug|Any CPU.ActiveCfg = Debug|Any CPU
		{4CFF7C06-39A8-42B2-933E-9114746C2148}.Debug|Any CPU.Build.0 = Debug|Any CPU
		{4CFF7C06-39A8-42B2-933E-9114746C2148}.Debug|iOS.ActiveCfg = Debug|Any CPU
		{4CFF7C06-39A8-42B2-933E-9114746C2148}.Debug|Mixed Platforms.ActiveCfg = Debug|Any CPU
		{4CFF7C06-39A8-42B2-933E-9114746C2148}.Debug|Mixed Platforms.Build.0 = Debug|Any CPU
		{4CFF7C06-39A8-42B2-933E-9114746C2148}.Debug|Windows Phone (Universal).ActiveCfg = Debug|Any CPU
		{4CFF7C06-39A8-42B2-933E-9114746C2148}.Debug|Windows Phone 8.ActiveCfg = Debug|Any CPU
		{4CFF7C06-39A8-42B2-933E-9114746C2148}.Debug|Windows-AnyCPU.ActiveCfg = Debug|Any CPU
		{4CFF7C06-39A8-42B2-933E-9114746C2148}.Debug|Windows-ARM.ActiveCfg = Debug|Any CPU
		{4CFF7C06-39A8-42B2-933E-9114746C2148}.Debug|Windows-x64.ActiveCfg = Debug|Any CPU
		{4CFF7C06-39A8-42B2-933E-9114746C2148}.Debug|Windows-x86.ActiveCfg = Debug|Any CPU
		{4CFF7C06-39A8-42B2-933E-9114746C2148}.Distribution|Android.ActiveCfg = Debug|Any CPU
		{4CFF7C06-39A8-42B2-933E-9114746C2148}.Distribution|Any CPU.ActiveCfg = Debug|Any CPU
		{4CFF7C06-39A8-42B2-933E-9114746C2148}.Distribution|Any CPU.Build.0 = Debug|Any CPU
		{4CFF7C06-39A8-42B2-933E-9114746C2148}.Distribution|iOS.ActiveCfg = Debug|Any CPU
		{4CFF7C06-39A8-42B2-933E-9114746C2148}.Distribution|Mixed Platforms.ActiveCfg = Debug|Any CPU
		{4CFF7C06-39A8-42B2-933E-9114746C2148}.Distribution|Mixed Platforms.Build.0 = Debug|Any CPU
		{4CFF7C06-39A8-42B2-933E-9114746C2148}.Distribution|Windows Phone (Universal).ActiveCfg = Debug|Any CPU
		{4CFF7C06-39A8-42B2-933E-9114746C2148}.Distribution|Windows Phone 8.ActiveCfg = Debug|Any CPU
		{4CFF7C06-39A8-42B2-933E-9114746C2148}.Distribution|Windows-AnyCPU.ActiveCfg = Debug|Any CPU
		{4CFF7C06-39A8-42B2-933E-9114746C2148}.Distribution|Windows-ARM.ActiveCfg = Debug|Any CPU
		{4CFF7C06-39A8-42B2-933E-9114746C2148}.Distribution|Windows-x64.ActiveCfg = Debug|Any CPU
		{4CFF7C06-39A8-42B2-933E-9114746C2148}.Distribution|Windows-x86.ActiveCfg = Debug|Any CPU
		{4CFF7C06-39A8-42B2-933E-9114746C2148}.Release|Android.ActiveCfg = Release|Any CPU
		{4CFF7C06-39A8-42B2-933E-9114746C2148}.Release|Any CPU.ActiveCfg = Release|Any CPU
		{4CFF7C06-39A8-42B2-933E-9114746C2148}.Release|Any CPU.Build.0 = Release|Any CPU
		{4CFF7C06-39A8-42B2-933E-9114746C2148}.Release|iOS.ActiveCfg = Release|Any CPU
		{4CFF7C06-39A8-42B2-933E-9114746C2148}.Release|Mixed Platforms.ActiveCfg = Release|Any CPU
		{4CFF7C06-39A8-42B2-933E-9114746C2148}.Release|Mixed Platforms.Build.0 = Release|Any CPU
		{4CFF7C06-39A8-42B2-933E-9114746C2148}.Release|Windows Phone (Universal).ActiveCfg = Release|Any CPU
		{4CFF7C06-39A8-42B2-933E-9114746C2148}.Release|Windows Phone 8.ActiveCfg = Release|Any CPU
		{4CFF7C06-39A8-42B2-933E-9114746C2148}.Release|Windows-AnyCPU.ActiveCfg = Release|Any CPU
		{4CFF7C06-39A8-42B2-933E-9114746C2148}.Release|Windows-ARM.ActiveCfg = Release|Any CPU
		{4CFF7C06-39A8-42B2-933E-9114746C2148}.Release|Windows-x64.ActiveCfg = Release|Any CPU
		{4CFF7C06-39A8-42B2-933E-9114746C2148}.Release|Windows-x86.ActiveCfg = Release|Any CPU
		{4CFF7C06-39A8-42B2-933E-9114746C2148}.Test|Android.ActiveCfg = Test|Any CPU
		{4CFF7C06-39A8-42B2-933E-9114746C2148}.Test|Any CPU.ActiveCfg = Test|Any CPU
		{4CFF7C06-39A8-42B2-933E-9114746C2148}.Test|Any CPU.Build.0 = Test|Any CPU
		{4CFF7C06-39A8-42B2-933E-9114746C2148}.Test|iOS.ActiveCfg = Test|Any CPU
		{4CFF7C06-39A8-42B2-933E-9114746C2148}.Test|Mixed Platforms.ActiveCfg = Test|Any CPU
		{4CFF7C06-39A8-42B2-933E-9114746C2148}.Test|Mixed Platforms.Build.0 = Test|Any CPU
		{4CFF7C06-39A8-42B2-933E-9114746C2148}.Test|Windows Phone (Universal).ActiveCfg = Test|Any CPU
		{4CFF7C06-39A8-42B2-933E-9114746C2148}.Test|Windows Phone 8.ActiveCfg = Test|Any CPU
		{4CFF7C06-39A8-42B2-933E-9114746C2148}.Test|Windows-AnyCPU.ActiveCfg = Test|Any CPU
		{4CFF7C06-39A8-42B2-933E-9114746C2148}.Test|Windows-ARM.ActiveCfg = Test|Any CPU
		{4CFF7C06-39A8-42B2-933E-9114746C2148}.Test|Windows-x64.ActiveCfg = Test|Any CPU
		{4CFF7C06-39A8-42B2-933E-9114746C2148}.Test|Windows-x86.ActiveCfg = Test|Any CPU
		{68110E34-C47A-4299-B9FD-388EF354C434}.Debug|Android.ActiveCfg = Debug|Any CPU
		{68110E34-C47A-4299-B9FD-388EF354C434}.Debug|Any CPU.ActiveCfg = Debug|Any CPU
		{68110E34-C47A-4299-B9FD-388EF354C434}.Debug|Any CPU.Build.0 = Debug|Any CPU
		{68110E34-C47A-4299-B9FD-388EF354C434}.Debug|iOS.ActiveCfg = Debug|Any CPU
		{68110E34-C47A-4299-B9FD-388EF354C434}.Debug|Mixed Platforms.ActiveCfg = Debug|Any CPU
		{68110E34-C47A-4299-B9FD-388EF354C434}.Debug|Mixed Platforms.Build.0 = Debug|Any CPU
		{68110E34-C47A-4299-B9FD-388EF354C434}.Debug|Windows Phone (Universal).ActiveCfg = Debug|Any CPU
		{68110E34-C47A-4299-B9FD-388EF354C434}.Debug|Windows Phone 8.ActiveCfg = Debug|Any CPU
		{68110E34-C47A-4299-B9FD-388EF354C434}.Debug|Windows-AnyCPU.ActiveCfg = Debug|Any CPU
		{68110E34-C47A-4299-B9FD-388EF354C434}.Debug|Windows-ARM.ActiveCfg = Debug|Any CPU
		{68110E34-C47A-4299-B9FD-388EF354C434}.Debug|Windows-x64.ActiveCfg = Debug|Any CPU
		{68110E34-C47A-4299-B9FD-388EF354C434}.Debug|Windows-x86.ActiveCfg = Debug|Any CPU
		{68110E34-C47A-4299-B9FD-388EF354C434}.Distribution|Android.ActiveCfg = Debug|Any CPU
		{68110E34-C47A-4299-B9FD-388EF354C434}.Distribution|Any CPU.ActiveCfg = Debug|Any CPU
		{68110E34-C47A-4299-B9FD-388EF354C434}.Distribution|Any CPU.Build.0 = Debug|Any CPU
		{68110E34-C47A-4299-B9FD-388EF354C434}.Distribution|iOS.ActiveCfg = Debug|Any CPU
		{68110E34-C47A-4299-B9FD-388EF354C434}.Distribution|Mixed Platforms.ActiveCfg = Debug|Any CPU
		{68110E34-C47A-4299-B9FD-388EF354C434}.Distribution|Mixed Platforms.Build.0 = Debug|Any CPU
		{68110E34-C47A-4299-B9FD-388EF354C434}.Distribution|Windows Phone (Universal).ActiveCfg = Debug|Any CPU
		{68110E34-C47A-4299-B9FD-388EF354C434}.Distribution|Windows Phone 8.ActiveCfg = Debug|Any CPU
		{68110E34-C47A-4299-B9FD-388EF354C434}.Distribution|Windows-AnyCPU.ActiveCfg = Debug|Any CPU
		{68110E34-C47A-4299-B9FD-388EF354C434}.Distribution|Windows-ARM.ActiveCfg = Debug|Any CPU
		{68110E34-C47A-4299-B9FD-388EF354C434}.Distribution|Windows-x64.ActiveCfg = Debug|Any CPU
		{68110E34-C47A-4299-B9FD-388EF354C434}.Distribution|Windows-x86.ActiveCfg = Debug|Any CPU
		{68110E34-C47A-4299-B9FD-388EF354C434}.Release|Android.ActiveCfg = Release|Any CPU
		{68110E34-C47A-4299-B9FD-388EF354C434}.Release|Any CPU.ActiveCfg = Release|Any CPU
		{68110E34-C47A-4299-B9FD-388EF354C434}.Release|Any CPU.Build.0 = Release|Any CPU
		{68110E34-C47A-4299-B9FD-388EF354C434}.Release|iOS.ActiveCfg = Release|Any CPU
		{68110E34-C47A-4299-B9FD-388EF354C434}.Release|Mixed Platforms.ActiveCfg = Release|Any CPU
		{68110E34-C47A-4299-B9FD-388EF354C434}.Release|Mixed Platforms.Build.0 = Release|Any CPU
		{68110E34-C47A-4299-B9FD-388EF354C434}.Release|Windows Phone (Universal).ActiveCfg = Release|Any CPU
		{68110E34-C47A-4299-B9FD-388EF354C434}.Release|Windows Phone 8.ActiveCfg = Release|Any CPU
		{68110E34-C47A-4299-B9FD-388EF354C434}.Release|Windows-AnyCPU.ActiveCfg = Release|Any CPU
		{68110E34-C47A-4299-B9FD-388EF354C434}.Release|Windows-ARM.ActiveCfg = Release|Any CPU
		{68110E34-C47A-4299-B9FD-388EF354C434}.Release|Windows-x64.ActiveCfg = Release|Any CPU
		{68110E34-C47A-4299-B9FD-388EF354C434}.Release|Windows-x86.ActiveCfg = Release|Any CPU
		{68110E34-C47A-4299-B9FD-388EF354C434}.Test|Android.ActiveCfg = Test|Any CPU
		{68110E34-C47A-4299-B9FD-388EF354C434}.Test|Any CPU.ActiveCfg = Test|Any CPU
		{68110E34-C47A-4299-B9FD-388EF354C434}.Test|Any CPU.Build.0 = Test|Any CPU
		{68110E34-C47A-4299-B9FD-388EF354C434}.Test|iOS.ActiveCfg = Test|Any CPU
		{68110E34-C47A-4299-B9FD-388EF354C434}.Test|Mixed Platforms.ActiveCfg = Test|Any CPU
		{68110E34-C47A-4299-B9FD-388EF354C434}.Test|Mixed Platforms.Build.0 = Test|Any CPU
		{68110E34-C47A-4299-B9FD-388EF354C434}.Test|Windows Phone (Universal).ActiveCfg = Test|Any CPU
		{68110E34-C47A-4299-B9FD-388EF354C434}.Test|Windows Phone 8.ActiveCfg = Test|Any CPU
		{68110E34-C47A-4299-B9FD-388EF354C434}.Test|Windows-AnyCPU.ActiveCfg = Test|Any CPU
		{68110E34-C47A-4299-B9FD-388EF354C434}.Test|Windows-ARM.ActiveCfg = Test|Any CPU
		{68110E34-C47A-4299-B9FD-388EF354C434}.Test|Windows-x64.ActiveCfg = Test|Any CPU
		{68110E34-C47A-4299-B9FD-388EF354C434}.Test|Windows-x86.ActiveCfg = Test|Any CPU
		{C75FC4D0-A024-4361-A824-3FE7CA653AFB}.Debug|Android.ActiveCfg = Debug|Any CPU
		{C75FC4D0-A024-4361-A824-3FE7CA653AFB}.Debug|Any CPU.ActiveCfg = Debug|Any CPU
		{C75FC4D0-A024-4361-A824-3FE7CA653AFB}.Debug|Any CPU.Build.0 = Debug|Any CPU
		{C75FC4D0-A024-4361-A824-3FE7CA653AFB}.Debug|iOS.ActiveCfg = Debug|Any CPU
		{C75FC4D0-A024-4361-A824-3FE7CA653AFB}.Debug|Mixed Platforms.ActiveCfg = Debug|Any CPU
		{C75FC4D0-A024-4361-A824-3FE7CA653AFB}.Debug|Mixed Platforms.Build.0 = Debug|Any CPU
		{C75FC4D0-A024-4361-A824-3FE7CA653AFB}.Debug|Windows Phone (Universal).ActiveCfg = Debug|Any CPU
		{C75FC4D0-A024-4361-A824-3FE7CA653AFB}.Debug|Windows Phone 8.ActiveCfg = Debug|Any CPU
		{C75FC4D0-A024-4361-A824-3FE7CA653AFB}.Debug|Windows-AnyCPU.ActiveCfg = Debug|Any CPU
		{C75FC4D0-A024-4361-A824-3FE7CA653AFB}.Debug|Windows-ARM.ActiveCfg = Debug|Any CPU
		{C75FC4D0-A024-4361-A824-3FE7CA653AFB}.Debug|Windows-x64.ActiveCfg = Debug|Any CPU
		{C75FC4D0-A024-4361-A824-3FE7CA653AFB}.Debug|Windows-x86.ActiveCfg = Debug|Any CPU
		{C75FC4D0-A024-4361-A824-3FE7CA653AFB}.Distribution|Android.ActiveCfg = Debug|Any CPU
		{C75FC4D0-A024-4361-A824-3FE7CA653AFB}.Distribution|Any CPU.ActiveCfg = Debug|Any CPU
		{C75FC4D0-A024-4361-A824-3FE7CA653AFB}.Distribution|Any CPU.Build.0 = Debug|Any CPU
		{C75FC4D0-A024-4361-A824-3FE7CA653AFB}.Distribution|iOS.ActiveCfg = Debug|Any CPU
		{C75FC4D0-A024-4361-A824-3FE7CA653AFB}.Distribution|Mixed Platforms.ActiveCfg = Debug|Any CPU
		{C75FC4D0-A024-4361-A824-3FE7CA653AFB}.Distribution|Mixed Platforms.Build.0 = Debug|Any CPU
		{C75FC4D0-A024-4361-A824-3FE7CA653AFB}.Distribution|Windows Phone (Universal).ActiveCfg = Debug|Any CPU
		{C75FC4D0-A024-4361-A824-3FE7CA653AFB}.Distribution|Windows Phone 8.ActiveCfg = Debug|Any CPU
		{C75FC4D0-A024-4361-A824-3FE7CA653AFB}.Distribution|Windows-AnyCPU.ActiveCfg = Debug|Any CPU
		{C75FC4D0-A024-4361-A824-3FE7CA653AFB}.Distribution|Windows-ARM.ActiveCfg = Debug|Any CPU
		{C75FC4D0-A024-4361-A824-3FE7CA653AFB}.Distribution|Windows-x64.ActiveCfg = Debug|Any CPU
		{C75FC4D0-A024-4361-A824-3FE7CA653AFB}.Distribution|Windows-x86.ActiveCfg = Debug|Any CPU
		{C75FC4D0-A024-4361-A824-3FE7CA653AFB}.Release|Android.ActiveCfg = Release|Any CPU
		{C75FC4D0-A024-4361-A824-3FE7CA653AFB}.Release|Any CPU.ActiveCfg = Release|Any CPU
		{C75FC4D0-A024-4361-A824-3FE7CA653AFB}.Release|Any CPU.Build.0 = Release|Any CPU
		{C75FC4D0-A024-4361-A824-3FE7CA653AFB}.Release|iOS.ActiveCfg = Release|Any CPU
		{C75FC4D0-A024-4361-A824-3FE7CA653AFB}.Release|Mixed Platforms.ActiveCfg = Release|Any CPU
		{C75FC4D0-A024-4361-A824-3FE7CA653AFB}.Release|Mixed Platforms.Build.0 = Release|Any CPU
		{C75FC4D0-A024-4361-A824-3FE7CA653AFB}.Release|Windows Phone (Universal).ActiveCfg = Release|Any CPU
		{C75FC4D0-A024-4361-A824-3FE7CA653AFB}.Release|Windows Phone 8.ActiveCfg = Release|Any CPU
		{C75FC4D0-A024-4361-A824-3FE7CA653AFB}.Release|Windows-AnyCPU.ActiveCfg = Release|Any CPU
		{C75FC4D0-A024-4361-A824-3FE7CA653AFB}.Release|Windows-ARM.ActiveCfg = Release|Any CPU
		{C75FC4D0-A024-4361-A824-3FE7CA653AFB}.Release|Windows-x64.ActiveCfg = Release|Any CPU
		{C75FC4D0-A024-4361-A824-3FE7CA653AFB}.Release|Windows-x86.ActiveCfg = Release|Any CPU
		{C75FC4D0-A024-4361-A824-3FE7CA653AFB}.Test|Android.ActiveCfg = Test|Any CPU
		{C75FC4D0-A024-4361-A824-3FE7CA653AFB}.Test|Any CPU.ActiveCfg = Test|Any CPU
		{C75FC4D0-A024-4361-A824-3FE7CA653AFB}.Test|Any CPU.Build.0 = Test|Any CPU
		{C75FC4D0-A024-4361-A824-3FE7CA653AFB}.Test|iOS.ActiveCfg = Test|Any CPU
		{C75FC4D0-A024-4361-A824-3FE7CA653AFB}.Test|Mixed Platforms.ActiveCfg = Test|Any CPU
		{C75FC4D0-A024-4361-A824-3FE7CA653AFB}.Test|Mixed Platforms.Build.0 = Test|Any CPU
		{C75FC4D0-A024-4361-A824-3FE7CA653AFB}.Test|Windows Phone (Universal).ActiveCfg = Test|Any CPU
		{C75FC4D0-A024-4361-A824-3FE7CA653AFB}.Test|Windows Phone 8.ActiveCfg = Test|Any CPU
		{C75FC4D0-A024-4361-A824-3FE7CA653AFB}.Test|Windows-AnyCPU.ActiveCfg = Test|Any CPU
		{C75FC4D0-A024-4361-A824-3FE7CA653AFB}.Test|Windows-ARM.ActiveCfg = Test|Any CPU
		{C75FC4D0-A024-4361-A824-3FE7CA653AFB}.Test|Windows-x64.ActiveCfg = Test|Any CPU
		{C75FC4D0-A024-4361-A824-3FE7CA653AFB}.Test|Windows-x86.ActiveCfg = Test|Any CPU
		{EA2FB179-2C13-45C6-882D-A9C61B442CC4}.Debug|Android.ActiveCfg = Debug|Any CPU
		{EA2FB179-2C13-45C6-882D-A9C61B442CC4}.Debug|Any CPU.ActiveCfg = Debug|Any CPU
		{EA2FB179-2C13-45C6-882D-A9C61B442CC4}.Debug|Any CPU.Build.0 = Debug|Any CPU
		{EA2FB179-2C13-45C6-882D-A9C61B442CC4}.Debug|iOS.ActiveCfg = Debug|Any CPU
		{EA2FB179-2C13-45C6-882D-A9C61B442CC4}.Debug|Mixed Platforms.ActiveCfg = Debug|Any CPU
		{EA2FB179-2C13-45C6-882D-A9C61B442CC4}.Debug|Mixed Platforms.Build.0 = Debug|Any CPU
		{EA2FB179-2C13-45C6-882D-A9C61B442CC4}.Debug|Windows Phone (Universal).ActiveCfg = Debug|Any CPU
		{EA2FB179-2C13-45C6-882D-A9C61B442CC4}.Debug|Windows Phone 8.ActiveCfg = Debug|Any CPU
		{EA2FB179-2C13-45C6-882D-A9C61B442CC4}.Debug|Windows-AnyCPU.ActiveCfg = Debug|Any CPU
		{EA2FB179-2C13-45C6-882D-A9C61B442CC4}.Debug|Windows-ARM.ActiveCfg = Debug|Any CPU
		{EA2FB179-2C13-45C6-882D-A9C61B442CC4}.Debug|Windows-x64.ActiveCfg = Debug|Any CPU
		{EA2FB179-2C13-45C6-882D-A9C61B442CC4}.Debug|Windows-x86.ActiveCfg = Debug|Any CPU
		{EA2FB179-2C13-45C6-882D-A9C61B442CC4}.Distribution|Android.ActiveCfg = Debug|Any CPU
		{EA2FB179-2C13-45C6-882D-A9C61B442CC4}.Distribution|Any CPU.ActiveCfg = Debug|Any CPU
		{EA2FB179-2C13-45C6-882D-A9C61B442CC4}.Distribution|Any CPU.Build.0 = Debug|Any CPU
		{EA2FB179-2C13-45C6-882D-A9C61B442CC4}.Distribution|iOS.ActiveCfg = Debug|Any CPU
		{EA2FB179-2C13-45C6-882D-A9C61B442CC4}.Distribution|Mixed Platforms.ActiveCfg = Debug|Any CPU
		{EA2FB179-2C13-45C6-882D-A9C61B442CC4}.Distribution|Mixed Platforms.Build.0 = Debug|Any CPU
		{EA2FB179-2C13-45C6-882D-A9C61B442CC4}.Distribution|Windows Phone (Universal).ActiveCfg = Debug|Any CPU
		{EA2FB179-2C13-45C6-882D-A9C61B442CC4}.Distribution|Windows Phone 8.ActiveCfg = Debug|Any CPU
		{EA2FB179-2C13-45C6-882D-A9C61B442CC4}.Distribution|Windows-AnyCPU.ActiveCfg = Debug|Any CPU
		{EA2FB179-2C13-45C6-882D-A9C61B442CC4}.Distribution|Windows-ARM.ActiveCfg = Debug|Any CPU
		{EA2FB179-2C13-45C6-882D-A9C61B442CC4}.Distribution|Windows-x64.ActiveCfg = Debug|Any CPU
		{EA2FB179-2C13-45C6-882D-A9C61B442CC4}.Distribution|Windows-x86.ActiveCfg = Debug|Any CPU
		{EA2FB179-2C13-45C6-882D-A9C61B442CC4}.Release|Android.ActiveCfg = Release|Any CPU
		{EA2FB179-2C13-45C6-882D-A9C61B442CC4}.Release|Any CPU.ActiveCfg = Release|Any CPU
		{EA2FB179-2C13-45C6-882D-A9C61B442CC4}.Release|Any CPU.Build.0 = Release|Any CPU
		{EA2FB179-2C13-45C6-882D-A9C61B442CC4}.Release|iOS.ActiveCfg = Release|Any CPU
		{EA2FB179-2C13-45C6-882D-A9C61B442CC4}.Release|Mixed Platforms.ActiveCfg = Release|Any CPU
		{EA2FB179-2C13-45C6-882D-A9C61B442CC4}.Release|Mixed Platforms.Build.0 = Release|Any CPU
		{EA2FB179-2C13-45C6-882D-A9C61B442CC4}.Release|Windows Phone (Universal).ActiveCfg = Release|Any CPU
		{EA2FB179-2C13-45C6-882D-A9C61B442CC4}.Release|Windows Phone 8.ActiveCfg = Release|Any CPU
		{EA2FB179-2C13-45C6-882D-A9C61B442CC4}.Release|Windows-AnyCPU.ActiveCfg = Release|Any CPU
		{EA2FB179-2C13-45C6-882D-A9C61B442CC4}.Release|Windows-ARM.ActiveCfg = Release|Any CPU
		{EA2FB179-2C13-45C6-882D-A9C61B442CC4}.Release|Windows-x64.ActiveCfg = Release|Any CPU
		{EA2FB179-2C13-45C6-882D-A9C61B442CC4}.Release|Windows-x86.ActiveCfg = Release|Any CPU
		{EA2FB179-2C13-45C6-882D-A9C61B442CC4}.Test|Android.ActiveCfg = Test|Any CPU
		{EA2FB179-2C13-45C6-882D-A9C61B442CC4}.Test|Any CPU.ActiveCfg = Test|Any CPU
		{EA2FB179-2C13-45C6-882D-A9C61B442CC4}.Test|Any CPU.Build.0 = Test|Any CPU
		{EA2FB179-2C13-45C6-882D-A9C61B442CC4}.Test|iOS.ActiveCfg = Test|Any CPU
		{EA2FB179-2C13-45C6-882D-A9C61B442CC4}.Test|Mixed Platforms.ActiveCfg = Test|Any CPU
		{EA2FB179-2C13-45C6-882D-A9C61B442CC4}.Test|Mixed Platforms.Build.0 = Test|Any CPU
		{EA2FB179-2C13-45C6-882D-A9C61B442CC4}.Test|Windows Phone (Universal).ActiveCfg = Test|Any CPU
		{EA2FB179-2C13-45C6-882D-A9C61B442CC4}.Test|Windows Phone 8.ActiveCfg = Test|Any CPU
		{EA2FB179-2C13-45C6-882D-A9C61B442CC4}.Test|Windows-AnyCPU.ActiveCfg = Test|Any CPU
		{EA2FB179-2C13-45C6-882D-A9C61B442CC4}.Test|Windows-ARM.ActiveCfg = Test|Any CPU
		{EA2FB179-2C13-45C6-882D-A9C61B442CC4}.Test|Windows-x64.ActiveCfg = Test|Any CPU
		{EA2FB179-2C13-45C6-882D-A9C61B442CC4}.Test|Windows-x86.ActiveCfg = Test|Any CPU
		{B2478518-303E-49F4-9409-19B1C01D7CB7}.Debug|Android.ActiveCfg = Debug|Any CPU
		{B2478518-303E-49F4-9409-19B1C01D7CB7}.Debug|Any CPU.ActiveCfg = Debug|Any CPU
		{B2478518-303E-49F4-9409-19B1C01D7CB7}.Debug|Any CPU.Build.0 = Debug|Any CPU
		{B2478518-303E-49F4-9409-19B1C01D7CB7}.Debug|iOS.ActiveCfg = Debug|Any CPU
		{B2478518-303E-49F4-9409-19B1C01D7CB7}.Debug|Mixed Platforms.ActiveCfg = Debug|Any CPU
		{B2478518-303E-49F4-9409-19B1C01D7CB7}.Debug|Mixed Platforms.Build.0 = Debug|Any CPU
		{B2478518-303E-49F4-9409-19B1C01D7CB7}.Debug|Windows Phone (Universal).ActiveCfg = Debug|Any CPU
		{B2478518-303E-49F4-9409-19B1C01D7CB7}.Debug|Windows Phone 8.ActiveCfg = Debug|Any CPU
		{B2478518-303E-49F4-9409-19B1C01D7CB7}.Debug|Windows-AnyCPU.ActiveCfg = Debug|Any CPU
		{B2478518-303E-49F4-9409-19B1C01D7CB7}.Debug|Windows-ARM.ActiveCfg = Debug|Any CPU
		{B2478518-303E-49F4-9409-19B1C01D7CB7}.Debug|Windows-x64.ActiveCfg = Debug|Any CPU
		{B2478518-303E-49F4-9409-19B1C01D7CB7}.Debug|Windows-x86.ActiveCfg = Debug|Any CPU
		{B2478518-303E-49F4-9409-19B1C01D7CB7}.Distribution|Android.ActiveCfg = Debug|Any CPU
		{B2478518-303E-49F4-9409-19B1C01D7CB7}.Distribution|Any CPU.ActiveCfg = Debug|Any CPU
		{B2478518-303E-49F4-9409-19B1C01D7CB7}.Distribution|Any CPU.Build.0 = Debug|Any CPU
		{B2478518-303E-49F4-9409-19B1C01D7CB7}.Distribution|iOS.ActiveCfg = Debug|Any CPU
		{B2478518-303E-49F4-9409-19B1C01D7CB7}.Distribution|Mixed Platforms.ActiveCfg = Debug|Any CPU
		{B2478518-303E-49F4-9409-19B1C01D7CB7}.Distribution|Mixed Platforms.Build.0 = Debug|Any CPU
		{B2478518-303E-49F4-9409-19B1C01D7CB7}.Distribution|Windows Phone (Universal).ActiveCfg = Debug|Any CPU
		{B2478518-303E-49F4-9409-19B1C01D7CB7}.Distribution|Windows Phone 8.ActiveCfg = Debug|Any CPU
		{B2478518-303E-49F4-9409-19B1C01D7CB7}.Distribution|Windows-AnyCPU.ActiveCfg = Debug|Any CPU
		{B2478518-303E-49F4-9409-19B1C01D7CB7}.Distribution|Windows-ARM.ActiveCfg = Debug|Any CPU
		{B2478518-303E-49F4-9409-19B1C01D7CB7}.Distribution|Windows-x64.ActiveCfg = Debug|Any CPU
		{B2478518-303E-49F4-9409-19B1C01D7CB7}.Distribution|Windows-x86.ActiveCfg = Debug|Any CPU
		{B2478518-303E-49F4-9409-19B1C01D7CB7}.Release|Android.ActiveCfg = Release|Any CPU
		{B2478518-303E-49F4-9409-19B1C01D7CB7}.Release|Any CPU.ActiveCfg = Release|Any CPU
		{B2478518-303E-49F4-9409-19B1C01D7CB7}.Release|Any CPU.Build.0 = Release|Any CPU
		{B2478518-303E-49F4-9409-19B1C01D7CB7}.Release|iOS.ActiveCfg = Release|Any CPU
		{B2478518-303E-49F4-9409-19B1C01D7CB7}.Release|Mixed Platforms.ActiveCfg = Release|Any CPU
		{B2478518-303E-49F4-9409-19B1C01D7CB7}.Release|Mixed Platforms.Build.0 = Release|Any CPU
		{B2478518-303E-49F4-9409-19B1C01D7CB7}.Release|Windows Phone (Universal).ActiveCfg = Release|Any CPU
		{B2478518-303E-49F4-9409-19B1C01D7CB7}.Release|Windows Phone 8.ActiveCfg = Release|Any CPU
		{B2478518-303E-49F4-9409-19B1C01D7CB7}.Release|Windows-AnyCPU.ActiveCfg = Release|Any CPU
		{B2478518-303E-49F4-9409-19B1C01D7CB7}.Release|Windows-ARM.ActiveCfg = Release|Any CPU
		{B2478518-303E-49F4-9409-19B1C01D7CB7}.Release|Windows-x64.ActiveCfg = Release|Any CPU
		{B2478518-303E-49F4-9409-19B1C01D7CB7}.Release|Windows-x86.ActiveCfg = Release|Any CPU
		{B2478518-303E-49F4-9409-19B1C01D7CB7}.Test|Android.ActiveCfg = Test|Any CPU
		{B2478518-303E-49F4-9409-19B1C01D7CB7}.Test|Any CPU.ActiveCfg = Test|Any CPU
		{B2478518-303E-49F4-9409-19B1C01D7CB7}.Test|Any CPU.Build.0 = Test|Any CPU
		{B2478518-303E-49F4-9409-19B1C01D7CB7}.Test|iOS.ActiveCfg = Test|Any CPU
		{B2478518-303E-49F4-9409-19B1C01D7CB7}.Test|Mixed Platforms.ActiveCfg = Test|Any CPU
		{B2478518-303E-49F4-9409-19B1C01D7CB7}.Test|Mixed Platforms.Build.0 = Test|Any CPU
		{B2478518-303E-49F4-9409-19B1C01D7CB7}.Test|Windows Phone (Universal).ActiveCfg = Test|Any CPU
		{B2478518-303E-49F4-9409-19B1C01D7CB7}.Test|Windows Phone 8.ActiveCfg = Test|Any CPU
		{B2478518-303E-49F4-9409-19B1C01D7CB7}.Test|Windows-AnyCPU.ActiveCfg = Test|Any CPU
		{B2478518-303E-49F4-9409-19B1C01D7CB7}.Test|Windows-ARM.ActiveCfg = Test|Any CPU
		{B2478518-303E-49F4-9409-19B1C01D7CB7}.Test|Windows-x64.ActiveCfg = Test|Any CPU
		{B2478518-303E-49F4-9409-19B1C01D7CB7}.Test|Windows-x86.ActiveCfg = Test|Any CPU
		{07169BFC-8C4B-4247-A607-63F3AF0BE3DF}.Debug|Android.ActiveCfg = Debug|Any CPU
		{07169BFC-8C4B-4247-A607-63F3AF0BE3DF}.Debug|Any CPU.ActiveCfg = Debug|Any CPU
		{07169BFC-8C4B-4247-A607-63F3AF0BE3DF}.Debug|Any CPU.Build.0 = Debug|Any CPU
		{07169BFC-8C4B-4247-A607-63F3AF0BE3DF}.Debug|iOS.ActiveCfg = Debug|Any CPU
		{07169BFC-8C4B-4247-A607-63F3AF0BE3DF}.Debug|Mixed Platforms.ActiveCfg = Debug|Any CPU
		{07169BFC-8C4B-4247-A607-63F3AF0BE3DF}.Debug|Mixed Platforms.Build.0 = Debug|Any CPU
		{07169BFC-8C4B-4247-A607-63F3AF0BE3DF}.Debug|Windows Phone (Universal).ActiveCfg = Debug|Any CPU
		{07169BFC-8C4B-4247-A607-63F3AF0BE3DF}.Debug|Windows Phone 8.ActiveCfg = Debug|Any CPU
		{07169BFC-8C4B-4247-A607-63F3AF0BE3DF}.Debug|Windows-AnyCPU.ActiveCfg = Debug|Any CPU
		{07169BFC-8C4B-4247-A607-63F3AF0BE3DF}.Debug|Windows-ARM.ActiveCfg = Debug|Any CPU
		{07169BFC-8C4B-4247-A607-63F3AF0BE3DF}.Debug|Windows-x64.ActiveCfg = Debug|Any CPU
		{07169BFC-8C4B-4247-A607-63F3AF0BE3DF}.Debug|Windows-x86.ActiveCfg = Debug|Any CPU
		{07169BFC-8C4B-4247-A607-63F3AF0BE3DF}.Distribution|Android.ActiveCfg = Debug|Any CPU
		{07169BFC-8C4B-4247-A607-63F3AF0BE3DF}.Distribution|Any CPU.ActiveCfg = Debug|Any CPU
		{07169BFC-8C4B-4247-A607-63F3AF0BE3DF}.Distribution|Any CPU.Build.0 = Debug|Any CPU
		{07169BFC-8C4B-4247-A607-63F3AF0BE3DF}.Distribution|iOS.ActiveCfg = Debug|Any CPU
		{07169BFC-8C4B-4247-A607-63F3AF0BE3DF}.Distribution|Mixed Platforms.ActiveCfg = Debug|Any CPU
		{07169BFC-8C4B-4247-A607-63F3AF0BE3DF}.Distribution|Mixed Platforms.Build.0 = Debug|Any CPU
		{07169BFC-8C4B-4247-A607-63F3AF0BE3DF}.Distribution|Windows Phone (Universal).ActiveCfg = Debug|Any CPU
		{07169BFC-8C4B-4247-A607-63F3AF0BE3DF}.Distribution|Windows Phone 8.ActiveCfg = Debug|Any CPU
		{07169BFC-8C4B-4247-A607-63F3AF0BE3DF}.Distribution|Windows-AnyCPU.ActiveCfg = Debug|Any CPU
		{07169BFC-8C4B-4247-A607-63F3AF0BE3DF}.Distribution|Windows-ARM.ActiveCfg = Debug|Any CPU
		{07169BFC-8C4B-4247-A607-63F3AF0BE3DF}.Distribution|Windows-x64.ActiveCfg = Debug|Any CPU
		{07169BFC-8C4B-4247-A607-63F3AF0BE3DF}.Distribution|Windows-x86.ActiveCfg = Debug|Any CPU
		{07169BFC-8C4B-4247-A607-63F3AF0BE3DF}.Release|Android.ActiveCfg = Release|Any CPU
		{07169BFC-8C4B-4247-A607-63F3AF0BE3DF}.Release|Any CPU.ActiveCfg = Release|Any CPU
		{07169BFC-8C4B-4247-A607-63F3AF0BE3DF}.Release|Any CPU.Build.0 = Release|Any CPU
		{07169BFC-8C4B-4247-A607-63F3AF0BE3DF}.Release|iOS.ActiveCfg = Release|Any CPU
		{07169BFC-8C4B-4247-A607-63F3AF0BE3DF}.Release|Mixed Platforms.ActiveCfg = Release|Any CPU
		{07169BFC-8C4B-4247-A607-63F3AF0BE3DF}.Release|Mixed Platforms.Build.0 = Release|Any CPU
		{07169BFC-8C4B-4247-A607-63F3AF0BE3DF}.Release|Windows Phone (Universal).ActiveCfg = Release|Any CPU
		{07169BFC-8C4B-4247-A607-63F3AF0BE3DF}.Release|Windows Phone 8.ActiveCfg = Release|Any CPU
		{07169BFC-8C4B-4247-A607-63F3AF0BE3DF}.Release|Windows-AnyCPU.ActiveCfg = Release|Any CPU
		{07169BFC-8C4B-4247-A607-63F3AF0BE3DF}.Release|Windows-ARM.ActiveCfg = Release|Any CPU
		{07169BFC-8C4B-4247-A607-63F3AF0BE3DF}.Release|Windows-x64.ActiveCfg = Release|Any CPU
		{07169BFC-8C4B-4247-A607-63F3AF0BE3DF}.Release|Windows-x86.ActiveCfg = Release|Any CPU
		{07169BFC-8C4B-4247-A607-63F3AF0BE3DF}.Test|Android.ActiveCfg = Test|Any CPU
		{07169BFC-8C4B-4247-A607-63F3AF0BE3DF}.Test|Any CPU.ActiveCfg = Test|Any CPU
		{07169BFC-8C4B-4247-A607-63F3AF0BE3DF}.Test|Any CPU.Build.0 = Test|Any CPU
		{07169BFC-8C4B-4247-A607-63F3AF0BE3DF}.Test|iOS.ActiveCfg = Test|Any CPU
		{07169BFC-8C4B-4247-A607-63F3AF0BE3DF}.Test|Mixed Platforms.ActiveCfg = Test|Any CPU
		{07169BFC-8C4B-4247-A607-63F3AF0BE3DF}.Test|Mixed Platforms.Build.0 = Test|Any CPU
		{07169BFC-8C4B-4247-A607-63F3AF0BE3DF}.Test|Windows Phone (Universal).ActiveCfg = Test|Any CPU
		{07169BFC-8C4B-4247-A607-63F3AF0BE3DF}.Test|Windows Phone 8.ActiveCfg = Test|Any CPU
		{07169BFC-8C4B-4247-A607-63F3AF0BE3DF}.Test|Windows-AnyCPU.ActiveCfg = Test|Any CPU
		{07169BFC-8C4B-4247-A607-63F3AF0BE3DF}.Test|Windows-ARM.ActiveCfg = Test|Any CPU
		{07169BFC-8C4B-4247-A607-63F3AF0BE3DF}.Test|Windows-x64.ActiveCfg = Test|Any CPU
		{07169BFC-8C4B-4247-A607-63F3AF0BE3DF}.Test|Windows-x86.ActiveCfg = Test|Any CPU
		{934FEBE9-9F45-49F5-BB0A-4BDE02F3B68B}.Debug|Android.ActiveCfg = Debug|Any CPU
		{934FEBE9-9F45-49F5-BB0A-4BDE02F3B68B}.Debug|Any CPU.ActiveCfg = Debug|Any CPU
		{934FEBE9-9F45-49F5-BB0A-4BDE02F3B68B}.Debug|Any CPU.Build.0 = Debug|Any CPU
		{934FEBE9-9F45-49F5-BB0A-4BDE02F3B68B}.Debug|iOS.ActiveCfg = Debug|Any CPU
		{934FEBE9-9F45-49F5-BB0A-4BDE02F3B68B}.Debug|Mixed Platforms.ActiveCfg = Debug|Any CPU
		{934FEBE9-9F45-49F5-BB0A-4BDE02F3B68B}.Debug|Mixed Platforms.Build.0 = Debug|Any CPU
		{934FEBE9-9F45-49F5-BB0A-4BDE02F3B68B}.Debug|Windows Phone (Universal).ActiveCfg = Debug|Any CPU
		{934FEBE9-9F45-49F5-BB0A-4BDE02F3B68B}.Debug|Windows Phone 8.ActiveCfg = Debug|Any CPU
		{934FEBE9-9F45-49F5-BB0A-4BDE02F3B68B}.Debug|Windows-AnyCPU.ActiveCfg = Debug|Any CPU
		{934FEBE9-9F45-49F5-BB0A-4BDE02F3B68B}.Debug|Windows-ARM.ActiveCfg = Debug|Any CPU
		{934FEBE9-9F45-49F5-BB0A-4BDE02F3B68B}.Debug|Windows-x64.ActiveCfg = Debug|Any CPU
		{934FEBE9-9F45-49F5-BB0A-4BDE02F3B68B}.Debug|Windows-x86.ActiveCfg = Debug|Any CPU
		{934FEBE9-9F45-49F5-BB0A-4BDE02F3B68B}.Distribution|Android.ActiveCfg = Debug|Any CPU
		{934FEBE9-9F45-49F5-BB0A-4BDE02F3B68B}.Distribution|Any CPU.ActiveCfg = Debug|Any CPU
		{934FEBE9-9F45-49F5-BB0A-4BDE02F3B68B}.Distribution|Any CPU.Build.0 = Debug|Any CPU
		{934FEBE9-9F45-49F5-BB0A-4BDE02F3B68B}.Distribution|iOS.ActiveCfg = Debug|Any CPU
		{934FEBE9-9F45-49F5-BB0A-4BDE02F3B68B}.Distribution|Mixed Platforms.ActiveCfg = Debug|Any CPU
		{934FEBE9-9F45-49F5-BB0A-4BDE02F3B68B}.Distribution|Mixed Platforms.Build.0 = Debug|Any CPU
		{934FEBE9-9F45-49F5-BB0A-4BDE02F3B68B}.Distribution|Windows Phone (Universal).ActiveCfg = Debug|Any CPU
		{934FEBE9-9F45-49F5-BB0A-4BDE02F3B68B}.Distribution|Windows Phone 8.ActiveCfg = Debug|Any CPU
		{934FEBE9-9F45-49F5-BB0A-4BDE02F3B68B}.Distribution|Windows-AnyCPU.ActiveCfg = Debug|Any CPU
		{934FEBE9-9F45-49F5-BB0A-4BDE02F3B68B}.Distribution|Windows-ARM.ActiveCfg = Debug|Any CPU
		{934FEBE9-9F45-49F5-BB0A-4BDE02F3B68B}.Distribution|Windows-x64.ActiveCfg = Debug|Any CPU
		{934FEBE9-9F45-49F5-BB0A-4BDE02F3B68B}.Distribution|Windows-x86.ActiveCfg = Debug|Any CPU
		{934FEBE9-9F45-49F5-BB0A-4BDE02F3B68B}.Release|Android.ActiveCfg = Release|Any CPU
		{934FEBE9-9F45-49F5-BB0A-4BDE02F3B68B}.Release|Any CPU.ActiveCfg = Release|Any CPU
		{934FEBE9-9F45-49F5-BB0A-4BDE02F3B68B}.Release|Any CPU.Build.0 = Release|Any CPU
		{934FEBE9-9F45-49F5-BB0A-4BDE02F3B68B}.Release|iOS.ActiveCfg = Release|Any CPU
		{934FEBE9-9F45-49F5-BB0A-4BDE02F3B68B}.Release|Mixed Platforms.ActiveCfg = Release|Any CPU
		{934FEBE9-9F45-49F5-BB0A-4BDE02F3B68B}.Release|Mixed Platforms.Build.0 = Release|Any CPU
		{934FEBE9-9F45-49F5-BB0A-4BDE02F3B68B}.Release|Windows Phone (Universal).ActiveCfg = Release|Any CPU
		{934FEBE9-9F45-49F5-BB0A-4BDE02F3B68B}.Release|Windows Phone 8.ActiveCfg = Release|Any CPU
		{934FEBE9-9F45-49F5-BB0A-4BDE02F3B68B}.Release|Windows-AnyCPU.ActiveCfg = Release|Any CPU
		{934FEBE9-9F45-49F5-BB0A-4BDE02F3B68B}.Release|Windows-ARM.ActiveCfg = Release|Any CPU
		{934FEBE9-9F45-49F5-BB0A-4BDE02F3B68B}.Release|Windows-x64.ActiveCfg = Release|Any CPU
		{934FEBE9-9F45-49F5-BB0A-4BDE02F3B68B}.Release|Windows-x86.ActiveCfg = Release|Any CPU
		{934FEBE9-9F45-49F5-BB0A-4BDE02F3B68B}.Test|Android.ActiveCfg = Test|Any CPU
		{934FEBE9-9F45-49F5-BB0A-4BDE02F3B68B}.Test|Any CPU.ActiveCfg = Test|Any CPU
		{934FEBE9-9F45-49F5-BB0A-4BDE02F3B68B}.Test|Any CPU.Build.0 = Test|Any CPU
		{934FEBE9-9F45-49F5-BB0A-4BDE02F3B68B}.Test|iOS.ActiveCfg = Test|Any CPU
		{934FEBE9-9F45-49F5-BB0A-4BDE02F3B68B}.Test|Mixed Platforms.ActiveCfg = Test|Any CPU
		{934FEBE9-9F45-49F5-BB0A-4BDE02F3B68B}.Test|Mixed Platforms.Build.0 = Test|Any CPU
		{934FEBE9-9F45-49F5-BB0A-4BDE02F3B68B}.Test|Windows Phone (Universal).ActiveCfg = Test|Any CPU
		{934FEBE9-9F45-49F5-BB0A-4BDE02F3B68B}.Test|Windows Phone 8.ActiveCfg = Test|Any CPU
		{934FEBE9-9F45-49F5-BB0A-4BDE02F3B68B}.Test|Windows-AnyCPU.ActiveCfg = Test|Any CPU
		{934FEBE9-9F45-49F5-BB0A-4BDE02F3B68B}.Test|Windows-ARM.ActiveCfg = Test|Any CPU
		{934FEBE9-9F45-49F5-BB0A-4BDE02F3B68B}.Test|Windows-x64.ActiveCfg = Test|Any CPU
		{934FEBE9-9F45-49F5-BB0A-4BDE02F3B68B}.Test|Windows-x86.ActiveCfg = Test|Any CPU
		{0E3617F2-A0D0-4509-B16D-14D4652CF6F0}.Debug|Android.ActiveCfg = Debug|Any CPU
		{0E3617F2-A0D0-4509-B16D-14D4652CF6F0}.Debug|Any CPU.ActiveCfg = Debug|Any CPU
		{0E3617F2-A0D0-4509-B16D-14D4652CF6F0}.Debug|Any CPU.Build.0 = Debug|Any CPU
		{0E3617F2-A0D0-4509-B16D-14D4652CF6F0}.Debug|iOS.ActiveCfg = Debug|Any CPU
		{0E3617F2-A0D0-4509-B16D-14D4652CF6F0}.Debug|Mixed Platforms.ActiveCfg = Debug|Any CPU
		{0E3617F2-A0D0-4509-B16D-14D4652CF6F0}.Debug|Mixed Platforms.Build.0 = Debug|Any CPU
		{0E3617F2-A0D0-4509-B16D-14D4652CF6F0}.Debug|Windows Phone (Universal).ActiveCfg = Debug|Any CPU
		{0E3617F2-A0D0-4509-B16D-14D4652CF6F0}.Debug|Windows Phone 8.ActiveCfg = Debug|Any CPU
		{0E3617F2-A0D0-4509-B16D-14D4652CF6F0}.Debug|Windows-AnyCPU.ActiveCfg = Debug|Any CPU
		{0E3617F2-A0D0-4509-B16D-14D4652CF6F0}.Debug|Windows-ARM.ActiveCfg = Debug|Any CPU
		{0E3617F2-A0D0-4509-B16D-14D4652CF6F0}.Debug|Windows-x64.ActiveCfg = Debug|Any CPU
		{0E3617F2-A0D0-4509-B16D-14D4652CF6F0}.Debug|Windows-x86.ActiveCfg = Debug|Any CPU
		{0E3617F2-A0D0-4509-B16D-14D4652CF6F0}.Distribution|Android.ActiveCfg = Debug|Any CPU
		{0E3617F2-A0D0-4509-B16D-14D4652CF6F0}.Distribution|Any CPU.ActiveCfg = Debug|Any CPU
		{0E3617F2-A0D0-4509-B16D-14D4652CF6F0}.Distribution|Any CPU.Build.0 = Debug|Any CPU
		{0E3617F2-A0D0-4509-B16D-14D4652CF6F0}.Distribution|iOS.ActiveCfg = Debug|Any CPU
		{0E3617F2-A0D0-4509-B16D-14D4652CF6F0}.Distribution|Mixed Platforms.ActiveCfg = Debug|Any CPU
		{0E3617F2-A0D0-4509-B16D-14D4652CF6F0}.Distribution|Mixed Platforms.Build.0 = Debug|Any CPU
		{0E3617F2-A0D0-4509-B16D-14D4652CF6F0}.Distribution|Windows Phone (Universal).ActiveCfg = Debug|Any CPU
		{0E3617F2-A0D0-4509-B16D-14D4652CF6F0}.Distribution|Windows Phone 8.ActiveCfg = Debug|Any CPU
		{0E3617F2-A0D0-4509-B16D-14D4652CF6F0}.Distribution|Windows-AnyCPU.ActiveCfg = Debug|Any CPU
		{0E3617F2-A0D0-4509-B16D-14D4652CF6F0}.Distribution|Windows-ARM.ActiveCfg = Debug|Any CPU
		{0E3617F2-A0D0-4509-B16D-14D4652CF6F0}.Distribution|Windows-x64.ActiveCfg = Debug|Any CPU
		{0E3617F2-A0D0-4509-B16D-14D4652CF6F0}.Distribution|Windows-x86.ActiveCfg = Debug|Any CPU
		{0E3617F2-A0D0-4509-B16D-14D4652CF6F0}.Release|Android.ActiveCfg = Release|Any CPU
		{0E3617F2-A0D0-4509-B16D-14D4652CF6F0}.Release|Any CPU.ActiveCfg = Release|Any CPU
		{0E3617F2-A0D0-4509-B16D-14D4652CF6F0}.Release|Any CPU.Build.0 = Release|Any CPU
		{0E3617F2-A0D0-4509-B16D-14D4652CF6F0}.Release|iOS.ActiveCfg = Release|Any CPU
		{0E3617F2-A0D0-4509-B16D-14D4652CF6F0}.Release|Mixed Platforms.ActiveCfg = Release|Any CPU
		{0E3617F2-A0D0-4509-B16D-14D4652CF6F0}.Release|Mixed Platforms.Build.0 = Release|Any CPU
		{0E3617F2-A0D0-4509-B16D-14D4652CF6F0}.Release|Windows Phone (Universal).ActiveCfg = Release|Any CPU
		{0E3617F2-A0D0-4509-B16D-14D4652CF6F0}.Release|Windows Phone 8.ActiveCfg = Release|Any CPU
		{0E3617F2-A0D0-4509-B16D-14D4652CF6F0}.Release|Windows-AnyCPU.ActiveCfg = Release|Any CPU
		{0E3617F2-A0D0-4509-B16D-14D4652CF6F0}.Release|Windows-ARM.ActiveCfg = Release|Any CPU
		{0E3617F2-A0D0-4509-B16D-14D4652CF6F0}.Release|Windows-x64.ActiveCfg = Release|Any CPU
		{0E3617F2-A0D0-4509-B16D-14D4652CF6F0}.Release|Windows-x86.ActiveCfg = Release|Any CPU
		{0E3617F2-A0D0-4509-B16D-14D4652CF6F0}.Test|Android.ActiveCfg = Test|Any CPU
		{0E3617F2-A0D0-4509-B16D-14D4652CF6F0}.Test|Any CPU.ActiveCfg = Test|Any CPU
		{0E3617F2-A0D0-4509-B16D-14D4652CF6F0}.Test|Any CPU.Build.0 = Test|Any CPU
		{0E3617F2-A0D0-4509-B16D-14D4652CF6F0}.Test|iOS.ActiveCfg = Test|Any CPU
		{0E3617F2-A0D0-4509-B16D-14D4652CF6F0}.Test|Mixed Platforms.ActiveCfg = Test|Any CPU
		{0E3617F2-A0D0-4509-B16D-14D4652CF6F0}.Test|Mixed Platforms.Build.0 = Test|Any CPU
		{0E3617F2-A0D0-4509-B16D-14D4652CF6F0}.Test|Windows Phone (Universal).ActiveCfg = Test|Any CPU
		{0E3617F2-A0D0-4509-B16D-14D4652CF6F0}.Test|Windows Phone 8.ActiveCfg = Test|Any CPU
		{0E3617F2-A0D0-4509-B16D-14D4652CF6F0}.Test|Windows-AnyCPU.ActiveCfg = Test|Any CPU
		{0E3617F2-A0D0-4509-B16D-14D4652CF6F0}.Test|Windows-ARM.ActiveCfg = Test|Any CPU
		{0E3617F2-A0D0-4509-B16D-14D4652CF6F0}.Test|Windows-x64.ActiveCfg = Test|Any CPU
		{0E3617F2-A0D0-4509-B16D-14D4652CF6F0}.Test|Windows-x86.ActiveCfg = Test|Any CPU
		{D0A3254E-4F0E-46F7-B6D0-4B64C1189B10}.Debug|Android.ActiveCfg = Debug|Any CPU
		{D0A3254E-4F0E-46F7-B6D0-4B64C1189B10}.Debug|Any CPU.ActiveCfg = Debug|Any CPU
		{D0A3254E-4F0E-46F7-B6D0-4B64C1189B10}.Debug|Any CPU.Build.0 = Debug|Any CPU
		{D0A3254E-4F0E-46F7-B6D0-4B64C1189B10}.Debug|iOS.ActiveCfg = Debug|Any CPU
		{D0A3254E-4F0E-46F7-B6D0-4B64C1189B10}.Debug|Mixed Platforms.ActiveCfg = Debug|Any CPU
		{D0A3254E-4F0E-46F7-B6D0-4B64C1189B10}.Debug|Mixed Platforms.Build.0 = Debug|Any CPU
		{D0A3254E-4F0E-46F7-B6D0-4B64C1189B10}.Debug|Windows Phone (Universal).ActiveCfg = Debug|Any CPU
		{D0A3254E-4F0E-46F7-B6D0-4B64C1189B10}.Debug|Windows Phone 8.ActiveCfg = Debug|Any CPU
		{D0A3254E-4F0E-46F7-B6D0-4B64C1189B10}.Debug|Windows-AnyCPU.ActiveCfg = Debug|Any CPU
		{D0A3254E-4F0E-46F7-B6D0-4B64C1189B10}.Debug|Windows-ARM.ActiveCfg = Debug|Any CPU
		{D0A3254E-4F0E-46F7-B6D0-4B64C1189B10}.Debug|Windows-x64.ActiveCfg = Debug|Any CPU
		{D0A3254E-4F0E-46F7-B6D0-4B64C1189B10}.Debug|Windows-x86.ActiveCfg = Debug|Any CPU
		{D0A3254E-4F0E-46F7-B6D0-4B64C1189B10}.Distribution|Android.ActiveCfg = Debug|Any CPU
		{D0A3254E-4F0E-46F7-B6D0-4B64C1189B10}.Distribution|Any CPU.ActiveCfg = Debug|Any CPU
		{D0A3254E-4F0E-46F7-B6D0-4B64C1189B10}.Distribution|Any CPU.Build.0 = Debug|Any CPU
		{D0A3254E-4F0E-46F7-B6D0-4B64C1189B10}.Distribution|iOS.ActiveCfg = Debug|Any CPU
		{D0A3254E-4F0E-46F7-B6D0-4B64C1189B10}.Distribution|Mixed Platforms.ActiveCfg = Debug|Any CPU
		{D0A3254E-4F0E-46F7-B6D0-4B64C1189B10}.Distribution|Mixed Platforms.Build.0 = Debug|Any CPU
		{D0A3254E-4F0E-46F7-B6D0-4B64C1189B10}.Distribution|Windows Phone (Universal).ActiveCfg = Debug|Any CPU
		{D0A3254E-4F0E-46F7-B6D0-4B64C1189B10}.Distribution|Windows Phone 8.ActiveCfg = Debug|Any CPU
		{D0A3254E-4F0E-46F7-B6D0-4B64C1189B10}.Distribution|Windows-AnyCPU.ActiveCfg = Debug|Any CPU
		{D0A3254E-4F0E-46F7-B6D0-4B64C1189B10}.Distribution|Windows-ARM.ActiveCfg = Debug|Any CPU
		{D0A3254E-4F0E-46F7-B6D0-4B64C1189B10}.Distribution|Windows-x64.ActiveCfg = Debug|Any CPU
		{D0A3254E-4F0E-46F7-B6D0-4B64C1189B10}.Distribution|Windows-x86.ActiveCfg = Debug|Any CPU
		{D0A3254E-4F0E-46F7-B6D0-4B64C1189B10}.Release|Android.ActiveCfg = Release|Any CPU
		{D0A3254E-4F0E-46F7-B6D0-4B64C1189B10}.Release|Any CPU.ActiveCfg = Release|Any CPU
		{D0A3254E-4F0E-46F7-B6D0-4B64C1189B10}.Release|Any CPU.Build.0 = Release|Any CPU
		{D0A3254E-4F0E-46F7-B6D0-4B64C1189B10}.Release|iOS.ActiveCfg = Release|Any CPU
		{D0A3254E-4F0E-46F7-B6D0-4B64C1189B10}.Release|Mixed Platforms.ActiveCfg = Release|Any CPU
		{D0A3254E-4F0E-46F7-B6D0-4B64C1189B10}.Release|Mixed Platforms.Build.0 = Release|Any CPU
		{D0A3254E-4F0E-46F7-B6D0-4B64C1189B10}.Release|Windows Phone (Universal).ActiveCfg = Release|Any CPU
		{D0A3254E-4F0E-46F7-B6D0-4B64C1189B10}.Release|Windows Phone 8.ActiveCfg = Release|Any CPU
		{D0A3254E-4F0E-46F7-B6D0-4B64C1189B10}.Release|Windows-AnyCPU.ActiveCfg = Release|Any CPU
		{D0A3254E-4F0E-46F7-B6D0-4B64C1189B10}.Release|Windows-ARM.ActiveCfg = Release|Any CPU
		{D0A3254E-4F0E-46F7-B6D0-4B64C1189B10}.Release|Windows-x64.ActiveCfg = Release|Any CPU
		{D0A3254E-4F0E-46F7-B6D0-4B64C1189B10}.Release|Windows-x86.ActiveCfg = Release|Any CPU
		{D0A3254E-4F0E-46F7-B6D0-4B64C1189B10}.Test|Android.ActiveCfg = Release|Any CPU
		{D0A3254E-4F0E-46F7-B6D0-4B64C1189B10}.Test|Any CPU.ActiveCfg = Release|Any CPU
		{D0A3254E-4F0E-46F7-B6D0-4B64C1189B10}.Test|Any CPU.Build.0 = Release|Any CPU
		{D0A3254E-4F0E-46F7-B6D0-4B64C1189B10}.Test|iOS.ActiveCfg = Release|Any CPU
		{D0A3254E-4F0E-46F7-B6D0-4B64C1189B10}.Test|Mixed Platforms.ActiveCfg = Release|Any CPU
		{D0A3254E-4F0E-46F7-B6D0-4B64C1189B10}.Test|Mixed Platforms.Build.0 = Release|Any CPU
		{D0A3254E-4F0E-46F7-B6D0-4B64C1189B10}.Test|Windows Phone (Universal).ActiveCfg = Release|Any CPU
		{D0A3254E-4F0E-46F7-B6D0-4B64C1189B10}.Test|Windows Phone 8.ActiveCfg = Release|Any CPU
		{D0A3254E-4F0E-46F7-B6D0-4B64C1189B10}.Test|Windows-AnyCPU.ActiveCfg = Release|Any CPU
		{D0A3254E-4F0E-46F7-B6D0-4B64C1189B10}.Test|Windows-ARM.ActiveCfg = Release|Any CPU
		{D0A3254E-4F0E-46F7-B6D0-4B64C1189B10}.Test|Windows-x64.ActiveCfg = Release|Any CPU
		{D0A3254E-4F0E-46F7-B6D0-4B64C1189B10}.Test|Windows-x86.ActiveCfg = Release|Any CPU
		{A0460B78-FCAF-49F7-AEC1-8856C3F65AD3}.Debug|Android.ActiveCfg = Debug|Any CPU
		{A0460B78-FCAF-49F7-AEC1-8856C3F65AD3}.Debug|Any CPU.ActiveCfg = Debug|Any CPU
		{A0460B78-FCAF-49F7-AEC1-8856C3F65AD3}.Debug|Any CPU.Build.0 = Debug|Any CPU
		{A0460B78-FCAF-49F7-AEC1-8856C3F65AD3}.Debug|iOS.ActiveCfg = Debug|Any CPU
		{A0460B78-FCAF-49F7-AEC1-8856C3F65AD3}.Debug|Mixed Platforms.ActiveCfg = Debug|Any CPU
		{A0460B78-FCAF-49F7-AEC1-8856C3F65AD3}.Debug|Mixed Platforms.Build.0 = Debug|Any CPU
		{A0460B78-FCAF-49F7-AEC1-8856C3F65AD3}.Debug|Windows Phone (Universal).ActiveCfg = Debug|Any CPU
		{A0460B78-FCAF-49F7-AEC1-8856C3F65AD3}.Debug|Windows Phone 8.ActiveCfg = Debug|Any CPU
		{A0460B78-FCAF-49F7-AEC1-8856C3F65AD3}.Debug|Windows-AnyCPU.ActiveCfg = Debug|Any CPU
		{A0460B78-FCAF-49F7-AEC1-8856C3F65AD3}.Debug|Windows-ARM.ActiveCfg = Debug|Any CPU
		{A0460B78-FCAF-49F7-AEC1-8856C3F65AD3}.Debug|Windows-x64.ActiveCfg = Debug|Any CPU
		{A0460B78-FCAF-49F7-AEC1-8856C3F65AD3}.Debug|Windows-x86.ActiveCfg = Debug|Any CPU
		{A0460B78-FCAF-49F7-AEC1-8856C3F65AD3}.Distribution|Android.ActiveCfg = Debug|Any CPU
		{A0460B78-FCAF-49F7-AEC1-8856C3F65AD3}.Distribution|Any CPU.ActiveCfg = Debug|Any CPU
		{A0460B78-FCAF-49F7-AEC1-8856C3F65AD3}.Distribution|Any CPU.Build.0 = Debug|Any CPU
		{A0460B78-FCAF-49F7-AEC1-8856C3F65AD3}.Distribution|iOS.ActiveCfg = Debug|Any CPU
		{A0460B78-FCAF-49F7-AEC1-8856C3F65AD3}.Distribution|Mixed Platforms.ActiveCfg = Debug|Any CPU
		{A0460B78-FCAF-49F7-AEC1-8856C3F65AD3}.Distribution|Mixed Platforms.Build.0 = Debug|Any CPU
		{A0460B78-FCAF-49F7-AEC1-8856C3F65AD3}.Distribution|Windows Phone (Universal).ActiveCfg = Debug|Any CPU
		{A0460B78-FCAF-49F7-AEC1-8856C3F65AD3}.Distribution|Windows Phone 8.ActiveCfg = Debug|Any CPU
		{A0460B78-FCAF-49F7-AEC1-8856C3F65AD3}.Distribution|Windows-AnyCPU.ActiveCfg = Debug|Any CPU
		{A0460B78-FCAF-49F7-AEC1-8856C3F65AD3}.Distribution|Windows-ARM.ActiveCfg = Debug|Any CPU
		{A0460B78-FCAF-49F7-AEC1-8856C3F65AD3}.Distribution|Windows-x64.ActiveCfg = Debug|Any CPU
		{A0460B78-FCAF-49F7-AEC1-8856C3F65AD3}.Distribution|Windows-x86.ActiveCfg = Debug|Any CPU
		{A0460B78-FCAF-49F7-AEC1-8856C3F65AD3}.Release|Android.ActiveCfg = Release|Any CPU
		{A0460B78-FCAF-49F7-AEC1-8856C3F65AD3}.Release|Any CPU.ActiveCfg = Release|Any CPU
		{A0460B78-FCAF-49F7-AEC1-8856C3F65AD3}.Release|Any CPU.Build.0 = Release|Any CPU
		{A0460B78-FCAF-49F7-AEC1-8856C3F65AD3}.Release|iOS.ActiveCfg = Release|Any CPU
		{A0460B78-FCAF-49F7-AEC1-8856C3F65AD3}.Release|Mixed Platforms.ActiveCfg = Release|Any CPU
		{A0460B78-FCAF-49F7-AEC1-8856C3F65AD3}.Release|Mixed Platforms.Build.0 = Release|Any CPU
		{A0460B78-FCAF-49F7-AEC1-8856C3F65AD3}.Release|Windows Phone (Universal).ActiveCfg = Release|Any CPU
		{A0460B78-FCAF-49F7-AEC1-8856C3F65AD3}.Release|Windows Phone 8.ActiveCfg = Release|Any CPU
		{A0460B78-FCAF-49F7-AEC1-8856C3F65AD3}.Release|Windows-AnyCPU.ActiveCfg = Release|Any CPU
		{A0460B78-FCAF-49F7-AEC1-8856C3F65AD3}.Release|Windows-ARM.ActiveCfg = Release|Any CPU
		{A0460B78-FCAF-49F7-AEC1-8856C3F65AD3}.Release|Windows-x64.ActiveCfg = Release|Any CPU
		{A0460B78-FCAF-49F7-AEC1-8856C3F65AD3}.Release|Windows-x86.ActiveCfg = Release|Any CPU
		{A0460B78-FCAF-49F7-AEC1-8856C3F65AD3}.Test|Android.ActiveCfg = Release|Any CPU
		{A0460B78-FCAF-49F7-AEC1-8856C3F65AD3}.Test|Any CPU.ActiveCfg = Release|Any CPU
		{A0460B78-FCAF-49F7-AEC1-8856C3F65AD3}.Test|Any CPU.Build.0 = Release|Any CPU
		{A0460B78-FCAF-49F7-AEC1-8856C3F65AD3}.Test|iOS.ActiveCfg = Release|Any CPU
		{A0460B78-FCAF-49F7-AEC1-8856C3F65AD3}.Test|Mixed Platforms.ActiveCfg = Release|Any CPU
		{A0460B78-FCAF-49F7-AEC1-8856C3F65AD3}.Test|Mixed Platforms.Build.0 = Release|Any CPU
		{A0460B78-FCAF-49F7-AEC1-8856C3F65AD3}.Test|Windows Phone (Universal).ActiveCfg = Release|Any CPU
		{A0460B78-FCAF-49F7-AEC1-8856C3F65AD3}.Test|Windows Phone 8.ActiveCfg = Release|Any CPU
		{A0460B78-FCAF-49F7-AEC1-8856C3F65AD3}.Test|Windows-AnyCPU.ActiveCfg = Release|Any CPU
		{A0460B78-FCAF-49F7-AEC1-8856C3F65AD3}.Test|Windows-ARM.ActiveCfg = Release|Any CPU
		{A0460B78-FCAF-49F7-AEC1-8856C3F65AD3}.Test|Windows-x64.ActiveCfg = Release|Any CPU
		{A0460B78-FCAF-49F7-AEC1-8856C3F65AD3}.Test|Windows-x86.ActiveCfg = Release|Any CPU
		{72918C73-F0A4-434B-836F-E06E75D59F86}.Debug|Android.ActiveCfg = Debug|Any CPU
		{72918C73-F0A4-434B-836F-E06E75D59F86}.Debug|Any CPU.ActiveCfg = Debug|Any CPU
		{72918C73-F0A4-434B-836F-E06E75D59F86}.Debug|Any CPU.Build.0 = Debug|Any CPU
		{72918C73-F0A4-434B-836F-E06E75D59F86}.Debug|iOS.ActiveCfg = Debug|Any CPU
		{72918C73-F0A4-434B-836F-E06E75D59F86}.Debug|Mixed Platforms.ActiveCfg = Debug|Any CPU
		{72918C73-F0A4-434B-836F-E06E75D59F86}.Debug|Mixed Platforms.Build.0 = Debug|Any CPU
		{72918C73-F0A4-434B-836F-E06E75D59F86}.Debug|Windows Phone (Universal).ActiveCfg = Debug|Any CPU
		{72918C73-F0A4-434B-836F-E06E75D59F86}.Debug|Windows Phone 8.ActiveCfg = Debug|Any CPU
		{72918C73-F0A4-434B-836F-E06E75D59F86}.Debug|Windows-AnyCPU.ActiveCfg = Debug|Any CPU
		{72918C73-F0A4-434B-836F-E06E75D59F86}.Debug|Windows-ARM.ActiveCfg = Debug|Any CPU
		{72918C73-F0A4-434B-836F-E06E75D59F86}.Debug|Windows-x64.ActiveCfg = Debug|Any CPU
		{72918C73-F0A4-434B-836F-E06E75D59F86}.Debug|Windows-x86.ActiveCfg = Debug|Any CPU
		{72918C73-F0A4-434B-836F-E06E75D59F86}.Distribution|Android.ActiveCfg = Debug|Any CPU
		{72918C73-F0A4-434B-836F-E06E75D59F86}.Distribution|Any CPU.ActiveCfg = Debug|Any CPU
		{72918C73-F0A4-434B-836F-E06E75D59F86}.Distribution|Any CPU.Build.0 = Debug|Any CPU
		{72918C73-F0A4-434B-836F-E06E75D59F86}.Distribution|iOS.ActiveCfg = Debug|Any CPU
		{72918C73-F0A4-434B-836F-E06E75D59F86}.Distribution|Mixed Platforms.ActiveCfg = Debug|Any CPU
		{72918C73-F0A4-434B-836F-E06E75D59F86}.Distribution|Mixed Platforms.Build.0 = Debug|Any CPU
		{72918C73-F0A4-434B-836F-E06E75D59F86}.Distribution|Windows Phone (Universal).ActiveCfg = Debug|Any CPU
		{72918C73-F0A4-434B-836F-E06E75D59F86}.Distribution|Windows Phone 8.ActiveCfg = Debug|Any CPU
		{72918C73-F0A4-434B-836F-E06E75D59F86}.Distribution|Windows-AnyCPU.ActiveCfg = Debug|Any CPU
		{72918C73-F0A4-434B-836F-E06E75D59F86}.Distribution|Windows-ARM.ActiveCfg = Debug|Any CPU
		{72918C73-F0A4-434B-836F-E06E75D59F86}.Distribution|Windows-x64.ActiveCfg = Debug|Any CPU
		{72918C73-F0A4-434B-836F-E06E75D59F86}.Distribution|Windows-x86.ActiveCfg = Debug|Any CPU
		{72918C73-F0A4-434B-836F-E06E75D59F86}.Release|Android.ActiveCfg = Release|Any CPU
		{72918C73-F0A4-434B-836F-E06E75D59F86}.Release|Any CPU.ActiveCfg = Release|Any CPU
		{72918C73-F0A4-434B-836F-E06E75D59F86}.Release|Any CPU.Build.0 = Release|Any CPU
		{72918C73-F0A4-434B-836F-E06E75D59F86}.Release|iOS.ActiveCfg = Release|Any CPU
		{72918C73-F0A4-434B-836F-E06E75D59F86}.Release|Mixed Platforms.ActiveCfg = Release|Any CPU
		{72918C73-F0A4-434B-836F-E06E75D59F86}.Release|Mixed Platforms.Build.0 = Release|Any CPU
		{72918C73-F0A4-434B-836F-E06E75D59F86}.Release|Windows Phone (Universal).ActiveCfg = Release|Any CPU
		{72918C73-F0A4-434B-836F-E06E75D59F86}.Release|Windows Phone 8.ActiveCfg = Release|Any CPU
		{72918C73-F0A4-434B-836F-E06E75D59F86}.Release|Windows-AnyCPU.ActiveCfg = Release|Any CPU
		{72918C73-F0A4-434B-836F-E06E75D59F86}.Release|Windows-ARM.ActiveCfg = Release|Any CPU
		{72918C73-F0A4-434B-836F-E06E75D59F86}.Release|Windows-x64.ActiveCfg = Release|Any CPU
		{72918C73-F0A4-434B-836F-E06E75D59F86}.Release|Windows-x86.ActiveCfg = Release|Any CPU
		{72918C73-F0A4-434B-836F-E06E75D59F86}.Test|Android.ActiveCfg = Release|Any CPU
		{72918C73-F0A4-434B-836F-E06E75D59F86}.Test|Any CPU.ActiveCfg = Release|Any CPU
		{72918C73-F0A4-434B-836F-E06E75D59F86}.Test|Any CPU.Build.0 = Release|Any CPU
		{72918C73-F0A4-434B-836F-E06E75D59F86}.Test|iOS.ActiveCfg = Release|Any CPU
		{72918C73-F0A4-434B-836F-E06E75D59F86}.Test|Mixed Platforms.ActiveCfg = Release|Any CPU
		{72918C73-F0A4-434B-836F-E06E75D59F86}.Test|Mixed Platforms.Build.0 = Release|Any CPU
		{72918C73-F0A4-434B-836F-E06E75D59F86}.Test|Windows Phone (Universal).ActiveCfg = Release|Any CPU
		{72918C73-F0A4-434B-836F-E06E75D59F86}.Test|Windows Phone 8.ActiveCfg = Release|Any CPU
		{72918C73-F0A4-434B-836F-E06E75D59F86}.Test|Windows-AnyCPU.ActiveCfg = Release|Any CPU
		{72918C73-F0A4-434B-836F-E06E75D59F86}.Test|Windows-ARM.ActiveCfg = Release|Any CPU
		{72918C73-F0A4-434B-836F-E06E75D59F86}.Test|Windows-x64.ActiveCfg = Release|Any CPU
		{72918C73-F0A4-434B-836F-E06E75D59F86}.Test|Windows-x86.ActiveCfg = Release|Any CPU
		{534BDC80-ACF4-4BA8-8DCD-4600F1DF6C88}.Debug|Android.ActiveCfg = Debug|Any CPU
		{534BDC80-ACF4-4BA8-8DCD-4600F1DF6C88}.Debug|Any CPU.ActiveCfg = Debug|Any CPU
		{534BDC80-ACF4-4BA8-8DCD-4600F1DF6C88}.Debug|Any CPU.Build.0 = Debug|Any CPU
		{534BDC80-ACF4-4BA8-8DCD-4600F1DF6C88}.Debug|iOS.ActiveCfg = Debug|Any CPU
		{534BDC80-ACF4-4BA8-8DCD-4600F1DF6C88}.Debug|Mixed Platforms.ActiveCfg = Debug|Any CPU
		{534BDC80-ACF4-4BA8-8DCD-4600F1DF6C88}.Debug|Mixed Platforms.Build.0 = Debug|Any CPU
		{534BDC80-ACF4-4BA8-8DCD-4600F1DF6C88}.Debug|Mixed Platforms.Deploy.0 = Debug|Any CPU
		{534BDC80-ACF4-4BA8-8DCD-4600F1DF6C88}.Debug|Windows Phone (Universal).ActiveCfg = Debug|Any CPU
		{534BDC80-ACF4-4BA8-8DCD-4600F1DF6C88}.Debug|Windows Phone 8.ActiveCfg = Debug|Any CPU
		{534BDC80-ACF4-4BA8-8DCD-4600F1DF6C88}.Debug|Windows-AnyCPU.ActiveCfg = Debug|Any CPU
		{534BDC80-ACF4-4BA8-8DCD-4600F1DF6C88}.Debug|Windows-ARM.ActiveCfg = Debug|Any CPU
		{534BDC80-ACF4-4BA8-8DCD-4600F1DF6C88}.Debug|Windows-x64.ActiveCfg = Debug|Any CPU
		{534BDC80-ACF4-4BA8-8DCD-4600F1DF6C88}.Debug|Windows-x86.ActiveCfg = Debug|Any CPU
		{534BDC80-ACF4-4BA8-8DCD-4600F1DF6C88}.Distribution|Android.ActiveCfg = Debug|Any CPU
		{534BDC80-ACF4-4BA8-8DCD-4600F1DF6C88}.Distribution|Any CPU.ActiveCfg = Debug|Any CPU
		{534BDC80-ACF4-4BA8-8DCD-4600F1DF6C88}.Distribution|Any CPU.Build.0 = Debug|Any CPU
		{534BDC80-ACF4-4BA8-8DCD-4600F1DF6C88}.Distribution|Any CPU.Deploy.0 = Debug|Any CPU
		{534BDC80-ACF4-4BA8-8DCD-4600F1DF6C88}.Distribution|iOS.ActiveCfg = Debug|Any CPU
		{534BDC80-ACF4-4BA8-8DCD-4600F1DF6C88}.Distribution|Mixed Platforms.ActiveCfg = Debug|Any CPU
		{534BDC80-ACF4-4BA8-8DCD-4600F1DF6C88}.Distribution|Mixed Platforms.Build.0 = Debug|Any CPU
		{534BDC80-ACF4-4BA8-8DCD-4600F1DF6C88}.Distribution|Mixed Platforms.Deploy.0 = Debug|Any CPU
		{534BDC80-ACF4-4BA8-8DCD-4600F1DF6C88}.Distribution|Windows Phone (Universal).ActiveCfg = Debug|Any CPU
		{534BDC80-ACF4-4BA8-8DCD-4600F1DF6C88}.Distribution|Windows Phone 8.ActiveCfg = Debug|Any CPU
		{534BDC80-ACF4-4BA8-8DCD-4600F1DF6C88}.Distribution|Windows-AnyCPU.ActiveCfg = Debug|Any CPU
		{534BDC80-ACF4-4BA8-8DCD-4600F1DF6C88}.Distribution|Windows-ARM.ActiveCfg = Debug|Any CPU
		{534BDC80-ACF4-4BA8-8DCD-4600F1DF6C88}.Distribution|Windows-x64.ActiveCfg = Debug|Any CPU
		{534BDC80-ACF4-4BA8-8DCD-4600F1DF6C88}.Distribution|Windows-x86.ActiveCfg = Debug|Any CPU
		{534BDC80-ACF4-4BA8-8DCD-4600F1DF6C88}.Release|Android.ActiveCfg = Release|Any CPU
		{534BDC80-ACF4-4BA8-8DCD-4600F1DF6C88}.Release|Any CPU.ActiveCfg = Release|Any CPU
		{534BDC80-ACF4-4BA8-8DCD-4600F1DF6C88}.Release|Any CPU.Build.0 = Release|Any CPU
		{534BDC80-ACF4-4BA8-8DCD-4600F1DF6C88}.Release|Any CPU.Deploy.0 = Release|Any CPU
		{534BDC80-ACF4-4BA8-8DCD-4600F1DF6C88}.Release|iOS.ActiveCfg = Release|Any CPU
		{534BDC80-ACF4-4BA8-8DCD-4600F1DF6C88}.Release|Mixed Platforms.ActiveCfg = Release|Any CPU
		{534BDC80-ACF4-4BA8-8DCD-4600F1DF6C88}.Release|Mixed Platforms.Build.0 = Release|Any CPU
		{534BDC80-ACF4-4BA8-8DCD-4600F1DF6C88}.Release|Mixed Platforms.Deploy.0 = Release|Any CPU
		{534BDC80-ACF4-4BA8-8DCD-4600F1DF6C88}.Release|Windows Phone (Universal).ActiveCfg = Release|Any CPU
		{534BDC80-ACF4-4BA8-8DCD-4600F1DF6C88}.Release|Windows Phone 8.ActiveCfg = Release|Any CPU
		{534BDC80-ACF4-4BA8-8DCD-4600F1DF6C88}.Release|Windows-AnyCPU.ActiveCfg = Release|Any CPU
		{534BDC80-ACF4-4BA8-8DCD-4600F1DF6C88}.Release|Windows-ARM.ActiveCfg = Release|Any CPU
		{534BDC80-ACF4-4BA8-8DCD-4600F1DF6C88}.Release|Windows-x64.ActiveCfg = Release|Any CPU
		{534BDC80-ACF4-4BA8-8DCD-4600F1DF6C88}.Release|Windows-x86.ActiveCfg = Release|Any CPU
		{534BDC80-ACF4-4BA8-8DCD-4600F1DF6C88}.Test|Android.ActiveCfg = Release|Any CPU
		{534BDC80-ACF4-4BA8-8DCD-4600F1DF6C88}.Test|Any CPU.ActiveCfg = Debug|Any CPU
		{534BDC80-ACF4-4BA8-8DCD-4600F1DF6C88}.Test|Any CPU.Build.0 = Debug|Any CPU
		{534BDC80-ACF4-4BA8-8DCD-4600F1DF6C88}.Test|Any CPU.Deploy.0 = Debug|Any CPU
		{534BDC80-ACF4-4BA8-8DCD-4600F1DF6C88}.Test|iOS.ActiveCfg = Release|Any CPU
		{534BDC80-ACF4-4BA8-8DCD-4600F1DF6C88}.Test|Mixed Platforms.ActiveCfg = Release|Any CPU
		{534BDC80-ACF4-4BA8-8DCD-4600F1DF6C88}.Test|Mixed Platforms.Build.0 = Release|Any CPU
		{534BDC80-ACF4-4BA8-8DCD-4600F1DF6C88}.Test|Mixed Platforms.Deploy.0 = Release|Any CPU
		{534BDC80-ACF4-4BA8-8DCD-4600F1DF6C88}.Test|Windows Phone (Universal).ActiveCfg = Release|Any CPU
		{534BDC80-ACF4-4BA8-8DCD-4600F1DF6C88}.Test|Windows Phone 8.ActiveCfg = Release|Any CPU
		{534BDC80-ACF4-4BA8-8DCD-4600F1DF6C88}.Test|Windows-AnyCPU.ActiveCfg = Release|Any CPU
		{534BDC80-ACF4-4BA8-8DCD-4600F1DF6C88}.Test|Windows-ARM.ActiveCfg = Release|Any CPU
		{534BDC80-ACF4-4BA8-8DCD-4600F1DF6C88}.Test|Windows-x64.ActiveCfg = Release|Any CPU
		{534BDC80-ACF4-4BA8-8DCD-4600F1DF6C88}.Test|Windows-x86.ActiveCfg = Release|Any CPU
		{49A9978D-C364-4C88-BDC6-C00BE0E93966}.Debug|Android.ActiveCfg = Debug|Any CPU
		{49A9978D-C364-4C88-BDC6-C00BE0E93966}.Debug|Any CPU.ActiveCfg = Debug|Any CPU
		{49A9978D-C364-4C88-BDC6-C00BE0E93966}.Debug|Any CPU.Build.0 = Debug|Any CPU
		{49A9978D-C364-4C88-BDC6-C00BE0E93966}.Debug|iOS.ActiveCfg = Debug|Any CPU
		{49A9978D-C364-4C88-BDC6-C00BE0E93966}.Debug|Mixed Platforms.ActiveCfg = Debug|Any CPU
		{49A9978D-C364-4C88-BDC6-C00BE0E93966}.Debug|Mixed Platforms.Build.0 = Debug|Any CPU
		{49A9978D-C364-4C88-BDC6-C00BE0E93966}.Debug|Windows Phone (Universal).ActiveCfg = Debug|Any CPU
		{49A9978D-C364-4C88-BDC6-C00BE0E93966}.Debug|Windows Phone 8.ActiveCfg = Debug|Any CPU
		{49A9978D-C364-4C88-BDC6-C00BE0E93966}.Debug|Windows-AnyCPU.ActiveCfg = Debug|Any CPU
		{49A9978D-C364-4C88-BDC6-C00BE0E93966}.Debug|Windows-ARM.ActiveCfg = Debug|Any CPU
		{49A9978D-C364-4C88-BDC6-C00BE0E93966}.Debug|Windows-x64.ActiveCfg = Debug|Any CPU
		{49A9978D-C364-4C88-BDC6-C00BE0E93966}.Debug|Windows-x86.ActiveCfg = Debug|Any CPU
		{49A9978D-C364-4C88-BDC6-C00BE0E93966}.Distribution|Android.ActiveCfg = Debug|Any CPU
		{49A9978D-C364-4C88-BDC6-C00BE0E93966}.Distribution|Any CPU.ActiveCfg = Debug|Any CPU
		{49A9978D-C364-4C88-BDC6-C00BE0E93966}.Distribution|Any CPU.Build.0 = Debug|Any CPU
		{49A9978D-C364-4C88-BDC6-C00BE0E93966}.Distribution|iOS.ActiveCfg = Debug|Any CPU
		{49A9978D-C364-4C88-BDC6-C00BE0E93966}.Distribution|Mixed Platforms.ActiveCfg = Debug|Any CPU
		{49A9978D-C364-4C88-BDC6-C00BE0E93966}.Distribution|Mixed Platforms.Build.0 = Debug|Any CPU
		{49A9978D-C364-4C88-BDC6-C00BE0E93966}.Distribution|Windows Phone (Universal).ActiveCfg = Debug|Any CPU
		{49A9978D-C364-4C88-BDC6-C00BE0E93966}.Distribution|Windows Phone 8.ActiveCfg = Debug|Any CPU
		{49A9978D-C364-4C88-BDC6-C00BE0E93966}.Distribution|Windows-AnyCPU.ActiveCfg = Debug|Any CPU
		{49A9978D-C364-4C88-BDC6-C00BE0E93966}.Distribution|Windows-ARM.ActiveCfg = Debug|Any CPU
		{49A9978D-C364-4C88-BDC6-C00BE0E93966}.Distribution|Windows-x64.ActiveCfg = Debug|Any CPU
		{49A9978D-C364-4C88-BDC6-C00BE0E93966}.Distribution|Windows-x86.ActiveCfg = Debug|Any CPU
		{49A9978D-C364-4C88-BDC6-C00BE0E93966}.Release|Android.ActiveCfg = Release|Any CPU
		{49A9978D-C364-4C88-BDC6-C00BE0E93966}.Release|Any CPU.ActiveCfg = Release|Any CPU
		{49A9978D-C364-4C88-BDC6-C00BE0E93966}.Release|Any CPU.Build.0 = Release|Any CPU
		{49A9978D-C364-4C88-BDC6-C00BE0E93966}.Release|iOS.ActiveCfg = Release|Any CPU
		{49A9978D-C364-4C88-BDC6-C00BE0E93966}.Release|Mixed Platforms.ActiveCfg = Release|Any CPU
		{49A9978D-C364-4C88-BDC6-C00BE0E93966}.Release|Mixed Platforms.Build.0 = Release|Any CPU
		{49A9978D-C364-4C88-BDC6-C00BE0E93966}.Release|Windows Phone (Universal).ActiveCfg = Release|Any CPU
		{49A9978D-C364-4C88-BDC6-C00BE0E93966}.Release|Windows Phone 8.ActiveCfg = Release|Any CPU
		{49A9978D-C364-4C88-BDC6-C00BE0E93966}.Release|Windows-AnyCPU.ActiveCfg = Release|Any CPU
		{49A9978D-C364-4C88-BDC6-C00BE0E93966}.Release|Windows-ARM.ActiveCfg = Release|Any CPU
		{49A9978D-C364-4C88-BDC6-C00BE0E93966}.Release|Windows-x64.ActiveCfg = Release|Any CPU
		{49A9978D-C364-4C88-BDC6-C00BE0E93966}.Release|Windows-x86.ActiveCfg = Release|Any CPU
		{49A9978D-C364-4C88-BDC6-C00BE0E93966}.Test|Android.ActiveCfg = Release|Any CPU
		{49A9978D-C364-4C88-BDC6-C00BE0E93966}.Test|Any CPU.ActiveCfg = Release|Any CPU
		{49A9978D-C364-4C88-BDC6-C00BE0E93966}.Test|Any CPU.Build.0 = Release|Any CPU
		{49A9978D-C364-4C88-BDC6-C00BE0E93966}.Test|iOS.ActiveCfg = Release|Any CPU
		{49A9978D-C364-4C88-BDC6-C00BE0E93966}.Test|Mixed Platforms.ActiveCfg = Release|Any CPU
		{49A9978D-C364-4C88-BDC6-C00BE0E93966}.Test|Mixed Platforms.Build.0 = Release|Any CPU
		{49A9978D-C364-4C88-BDC6-C00BE0E93966}.Test|Windows Phone (Universal).ActiveCfg = Release|Any CPU
		{49A9978D-C364-4C88-BDC6-C00BE0E93966}.Test|Windows Phone 8.ActiveCfg = Release|Any CPU
		{49A9978D-C364-4C88-BDC6-C00BE0E93966}.Test|Windows-AnyCPU.ActiveCfg = Release|Any CPU
		{49A9978D-C364-4C88-BDC6-C00BE0E93966}.Test|Windows-ARM.ActiveCfg = Release|Any CPU
		{49A9978D-C364-4C88-BDC6-C00BE0E93966}.Test|Windows-x64.ActiveCfg = Release|Any CPU
		{49A9978D-C364-4C88-BDC6-C00BE0E93966}.Test|Windows-x86.ActiveCfg = Release|Any CPU
	EndGlobalSection
	GlobalSection(SolutionProperties) = preSolution
		HideSolutionNode = FALSE
	EndGlobalSection
	GlobalSection(NestedProjects) = preSolution
		{AD9979F2-35B1-4A46-8911-FBD42A5D4389} = {D45212B8-0FF6-4876-AB55-B7F42A7052BA}
		{8FF1E4DA-9DB0-479B-8555-2640B23A0521} = {D45212B8-0FF6-4876-AB55-B7F42A7052BA}
		{4CFF7C06-39A8-42B2-933E-9114746C2148} = {CAD9A252-768C-4D5E-882C-992F5F636F10}
		{68110E34-C47A-4299-B9FD-388EF354C434} = {CAD9A252-768C-4D5E-882C-992F5F636F10}
		{C75FC4D0-A024-4361-A824-3FE7CA653AFB} = {C22B13BA-DEAE-418E-96C9-2459B7B16D9F}
		{EA2FB179-2C13-45C6-882D-A9C61B442CC4} = {C22B13BA-DEAE-418E-96C9-2459B7B16D9F}
		{07169BFC-8C4B-4247-A607-63F3AF0BE3DF} = {73D0D9B6-997D-458E-B770-89313E7D31CD}
		{D0A3254E-4F0E-46F7-B6D0-4B64C1189B10} = {73D0D9B6-997D-458E-B770-89313E7D31CD}
		{A0460B78-FCAF-49F7-AEC1-8856C3F65AD3} = {C22B13BA-DEAE-418E-96C9-2459B7B16D9F}
		{49A9978D-C364-4C88-BDC6-C00BE0E93966} = {73D0D9B6-997D-458E-B770-89313E7D31CD}
	EndGlobalSection
EndGlobal
