
Microsoft Visual Studio Solution File, Format Version 12.00
# Visual Studio 2013
VisualStudioVersion = 12.0.40629.0
MinimumVisualStudioVersion = 10.0.40219.1
Project("{FAE04EC0-301F-11D3-BF4B-00C04F79EFBC}") = "MaxiKioscos.Web", "MaxiKioscos.Web\MaxiKioscos.Web.csproj", "{AD9979F2-35B1-4A46-8911-FBD42A5D4389}"
	ProjectSection(ProjectDependencies) = postProject
		{07169BFC-8C4B-4247-A607-63F3AF0BE3DF} = {07169BFC-8C4B-4247-A607-63F3AF0BE3DF}
	EndProjectSection
EndProject
Project("{2150E333-8FDC-42A3-9474-1A3956D46DE8}") = "Presentacion", "Presentacion", "{D45212B8-0FF6-4876-AB55-B7F42A7052BA}"
EndProject
Project("{FAE04EC0-301F-11D3-BF4B-00C04F79EFBC}") = "MaxiKioscos.Winforms", "MaxiKioscos.Winforms\MaxiKioscos.Winforms.csproj", "{8FF1E4DA-9DB0-479B-8555-2640B23A0521}"
	ProjectSection(ProjectDependencies) = postProject
		{07169BFC-8C4B-4247-A607-63F3AF0BE3DF} = {07169BFC-8C4B-4247-A607-63F3AF0BE3DF}
	EndProjectSection
EndProject
Project("{FAE04EC0-301F-11D3-BF4B-00C04F79EFBC}") = "MaxiKioscos.Datos", "MaxiKioscos.Datos\MaxiKioscos.Datos.csproj", "{FA0797C2-B5E3-4D5E-A401-A7D6EA896293}"
EndProject
Project("{FAE04EC0-301F-11D3-BF4B-00C04F79EFBC}") = "MaxiKioscos.Entidades", "MaxiKioscos.Entidades\MaxiKioscos.Entidades.csproj", "{28B83EAB-BECF-46B3-908F-B787BD10D367}"
EndProject
Project("{FAE04EC0-301F-11D3-BF4B-00C04F79EFBC}") = "MaxiKioscos.Seguridad", "MaxiKioscos.Seguridad\MaxiKioscos.Seguridad.csproj", "{4CFF7C06-39A8-42B2-933E-9114746C2148}"
EndProject
Project("{FAE04EC0-301F-11D3-BF4B-00C04F79EFBC}") = "MaxiKiosco.Seguridad.WebSecurity", "MaxiKiosco.Seguridad.WebSecurity\MaxiKiosco.Seguridad.WebSecurity.csproj", "{68110E34-C47A-4299-B9FD-388EF354C434}"
EndProject
Project("{2150E333-8FDC-42A3-9474-1A3956D46DE8}") = "Seguridad", "Seguridad", "{CAD9A252-768C-4D5E-882C-992F5F636F10}"
EndProject
Project("{FAE04EC0-301F-11D3-BF4B-00C04F79EFBC}") = "MaxiKioscos.Web.Comun", "MaxiKioscos.Web.Comun\MaxiKioscos.Web.Comun.csproj", "{C75FC4D0-A024-4361-A824-3FE7CA653AFB}"
EndProject
Project("{FAE04EC0-301F-11D3-BF4B-00C04F79EFBC}") = "MaxiKiosco.Win.Util", "Util\MaxiKiosco.Win.Util.csproj", "{EA2FB179-2C13-45C6-882D-A9C61B442CC4}"
EndProject
Project("{FAE04EC0-301F-11D3-BF4B-00C04F79EFBC}") = "MaxiKioscos.Reportes", "MaxiKioscos.Reportes\MaxiKioscos.Reportes.csproj", "{B2478518-303E-49F4-9409-19B1C01D7CB7}"
EndProject
Project("{2150E333-8FDC-42A3-9474-1A3956D46DE8}") = "Servicios", "Servicios", "{73D0D9B6-997D-458E-B770-89313E7D31CD}"
EndProject
Project("{FAE04EC0-301F-11D3-BF4B-00C04F79EFBC}") = "MaxiKioscos.Services", "MaxiKioscos.Services\MaxiKioscos.Services.csproj", "{07169BFC-8C4B-4247-A607-63F3AF0BE3DF}"
EndProject
Project("{FAE04EC0-301F-11D3-BF4B-00C04F79EFBC}") = "MaxiKioscos.IoC", "MaxiKioscos.IoC\MaxiKioscos.IoC.csproj", "{934FEBE9-9F45-49F5-BB0A-4BDE02F3B68B}"
EndProject
Project("{FAE04EC0-301F-11D3-BF4B-00C04F79EFBC}") = "MaxiKioscos.Negocio", "MaxiKioscos.Negocio\MaxiKioscos.Negocio.csproj", "{0E3617F2-A0D0-4509-B16D-14D4652CF6F0}"
EndProject
Project("{FAE04EC0-301F-11D3-BF4B-00C04F79EFBC}") = "MaxiKioscos.Services.Contracts", "MaxiKioscos.Services.Contracts\MaxiKioscos.Services.Contracts.csproj", "{D0A3254E-4F0E-46F7-B6D0-4B64C1189B10}"
EndProject
Project("{FAE04EC0-301F-11D3-BF4B-00C04F79EFBC}") = "Maxikioscos.Comun", "Maxikioscos.Comun\Maxikioscos.Comun.csproj", "{A0460B78-FCAF-49F7-AEC1-8856C3F65AD3}"
EndProject
Project("{2150E333-8FDC-42A3-9474-1A3956D46DE8}") = "Comun", "Comun", "{C22B13BA-DEAE-418E-96C9-2459B7B16D9F}"
EndProject
Project("{FAE04EC0-301F-11D3-BF4B-00C04F79EFBC}") = "MaxiKioscos.Email", "MaxiKioscos.Email\MaxiKioscos.Email.csproj", "{72918C73-F0A4-434B-836F-E06E75D59F86}"
EndProject
Project("{2150E333-8FDC-42A3-9474-1A3956D46DE8}") = ".nuget", ".nuget", "{772FDF86-E028-44DA-BBCB-7F50A76FA4DC}"
	ProjectSection(SolutionItems) = preProject
		.nuget\NuGet.Config = .nuget\NuGet.Config
		.nuget\NuGet.exe = .nuget\NuGet.exe
		.nuget\NuGet.targets = .nuget\NuGet.targets
	EndProjectSection
EndProject
Project("{00D1A9C2-B5F0-4AF3-8072-F6C62B433612}") = "MaxiKioscos.Database", "MaxiKioscos.Database\MaxiKioscos.Database.sqlproj", "{534BDC80-ACF4-4BA8-8DCD-4600F1DF6C88}"
EndProject
Global
	GlobalSection(SolutionConfigurationPlatforms) = preSolution
		Debug|Any CPU = Debug|Any CPU
		Release|Any CPU = Release|Any CPU
		Test|Any CPU = Test|Any CPU
	EndGlobalSection
	GlobalSection(ProjectConfigurationPlatforms) = postSolution
		{AD9979F2-35B1-4A46-8911-FBD42A5D4389}.Debug|Any CPU.ActiveCfg = Debug|Any CPU
		{AD9979F2-35B1-4A46-8911-FBD42A5D4389}.Debug|Any CPU.Build.0 = Debug|Any CPU
		{AD9979F2-35B1-4A46-8911-FBD42A5D4389}.Release|Any CPU.ActiveCfg = Release|Any CPU
		{AD9979F2-35B1-4A46-8911-FBD42A5D4389}.Release|Any CPU.Build.0 = Release|Any CPU
		{AD9979F2-35B1-4A46-8911-FBD42A5D4389}.Test|Any CPU.ActiveCfg = Test|Any CPU
		{AD9979F2-35B1-4A46-8911-FBD42A5D4389}.Test|Any CPU.Build.0 = Test|Any CPU
		{8FF1E4DA-9DB0-479B-8555-2640B23A0521}.Debug|Any CPU.ActiveCfg = Debug|Any CPU
		{8FF1E4DA-9DB0-479B-8555-2640B23A0521}.Debug|Any CPU.Build.0 = Debug|Any CPU
		{8FF1E4DA-9DB0-479B-8555-2640B23A0521}.Release|Any CPU.ActiveCfg = Release|Any CPU
		{8FF1E4DA-9DB0-479B-8555-2640B23A0521}.Release|Any CPU.Build.0 = Release|Any CPU
		{8FF1E4DA-9DB0-479B-8555-2640B23A0521}.Test|Any CPU.ActiveCfg = Test|Any CPU
		{8FF1E4DA-9DB0-479B-8555-2640B23A0521}.Test|Any CPU.Build.0 = Test|Any CPU
		{FA0797C2-B5E3-4D5E-A401-A7D6EA896293}.Debug|Any CPU.ActiveCfg = Debug|Any CPU
		{FA0797C2-B5E3-4D5E-A401-A7D6EA896293}.Debug|Any CPU.Build.0 = Debug|Any CPU
		{FA0797C2-B5E3-4D5E-A401-A7D6EA896293}.Release|Any CPU.ActiveCfg = Release|Any CPU
		{FA0797C2-B5E3-4D5E-A401-A7D6EA896293}.Release|Any CPU.Build.0 = Release|Any CPU
		{FA0797C2-B5E3-4D5E-A401-A7D6EA896293}.Test|Any CPU.ActiveCfg = Test|Any CPU
		{FA0797C2-B5E3-4D5E-A401-A7D6EA896293}.Test|Any CPU.Build.0 = Test|Any CPU
		{28B83EAB-BECF-46B3-908F-B787BD10D367}.Debug|Any CPU.ActiveCfg = Debug|Any CPU
		{28B83EAB-BECF-46B3-908F-B787BD10D367}.Debug|Any CPU.Build.0 = Debug|Any CPU
		{28B83EAB-BECF-46B3-908F-B787BD10D367}.Release|Any CPU.ActiveCfg = Release|Any CPU
		{28B83EAB-BECF-46B3-908F-B787BD10D367}.Release|Any CPU.Build.0 = Release|Any CPU
		{28B83EAB-BECF-46B3-908F-B787BD10D367}.Test|Any CPU.ActiveCfg = Test|Any CPU
		{28B83EAB-BECF-46B3-908F-B787BD10D367}.Test|Any CPU.Build.0 = Test|Any CPU
		{4CFF7C06-39A8-42B2-933E-9114746C2148}.Debug|Any CPU.ActiveCfg = Debug|Any CPU
		{4CFF7C06-39A8-42B2-933E-9114746C2148}.Debug|Any CPU.Build.0 = Debug|Any CPU
		{4CFF7C06-39A8-42B2-933E-9114746C2148}.Release|Any CPU.ActiveCfg = Release|Any CPU
		{4CFF7C06-39A8-42B2-933E-9114746C2148}.Release|Any CPU.Build.0 = Release|Any CPU
		{4CFF7C06-39A8-42B2-933E-9114746C2148}.Test|Any CPU.ActiveCfg = Test|Any CPU
		{4CFF7C06-39A8-42B2-933E-9114746C2148}.Test|Any CPU.Build.0 = Test|Any CPU
		{68110E34-C47A-4299-B9FD-388EF354C434}.Debug|Any CPU.ActiveCfg = Debug|Any CPU
		{68110E34-C47A-4299-B9FD-388EF354C434}.Debug|Any CPU.Build.0 = Debug|Any CPU
		{68110E34-C47A-4299-B9FD-388EF354C434}.Release|Any CPU.ActiveCfg = Release|Any CPU
		{68110E34-C47A-4299-B9FD-388EF354C434}.Release|Any CPU.Build.0 = Release|Any CPU
		{68110E34-C47A-4299-B9FD-388EF354C434}.Test|Any CPU.ActiveCfg = Test|Any CPU
		{68110E34-C47A-4299-B9FD-388EF354C434}.Test|Any CPU.Build.0 = Test|Any CPU
		{C75FC4D0-A024-4361-A824-3FE7CA653AFB}.Debug|Any CPU.ActiveCfg = Debug|Any CPU
		{C75FC4D0-A024-4361-A824-3FE7CA653AFB}.Debug|Any CPU.Build.0 = Debug|Any CPU
		{C75FC4D0-A024-4361-A824-3FE7CA653AFB}.Release|Any CPU.ActiveCfg = Release|Any CPU
		{C75FC4D0-A024-4361-A824-3FE7CA653AFB}.Release|Any CPU.Build.0 = Release|Any CPU
		{C75FC4D0-A024-4361-A824-3FE7CA653AFB}.Test|Any CPU.ActiveCfg = Test|Any CPU
		{C75FC4D0-A024-4361-A824-3FE7CA653AFB}.Test|Any CPU.Build.0 = Test|Any CPU
		{EA2FB179-2C13-45C6-882D-A9C61B442CC4}.Debug|Any CPU.ActiveCfg = Debug|Any CPU
		{EA2FB179-2C13-45C6-882D-A9C61B442CC4}.Debug|Any CPU.Build.0 = Debug|Any CPU
		{EA2FB179-2C13-45C6-882D-A9C61B442CC4}.Release|Any CPU.ActiveCfg = Release|Any CPU
		{EA2FB179-2C13-45C6-882D-A9C61B442CC4}.Release|Any CPU.Build.0 = Release|Any CPU
		{EA2FB179-2C13-45C6-882D-A9C61B442CC4}.Test|Any CPU.ActiveCfg = Test|Any CPU
		{EA2FB179-2C13-45C6-882D-A9C61B442CC4}.Test|Any CPU.Build.0 = Test|Any CPU
		{B2478518-303E-49F4-9409-19B1C01D7CB7}.Debug|Any CPU.ActiveCfg = Debug|Any CPU
		{B2478518-303E-49F4-9409-19B1C01D7CB7}.Debug|Any CPU.Build.0 = Debug|Any CPU
		{B2478518-303E-49F4-9409-19B1C01D7CB7}.Release|Any CPU.ActiveCfg = Release|Any CPU
		{B2478518-303E-49F4-9409-19B1C01D7CB7}.Release|Any CPU.Build.0 = Release|Any CPU
		{B2478518-303E-49F4-9409-19B1C01D7CB7}.Test|Any CPU.ActiveCfg = Test|Any CPU
		{B2478518-303E-49F4-9409-19B1C01D7CB7}.Test|Any CPU.Build.0 = Test|Any CPU
		{07169BFC-8C4B-4247-A607-63F3AF0BE3DF}.Debug|Any CPU.ActiveCfg = Debug|Any CPU
		{07169BFC-8C4B-4247-A607-63F3AF0BE3DF}.Debug|Any CPU.Build.0 = Debug|Any CPU
		{07169BFC-8C4B-4247-A607-63F3AF0BE3DF}.Release|Any CPU.ActiveCfg = Release|Any CPU
		{07169BFC-8C4B-4247-A607-63F3AF0BE3DF}.Release|Any CPU.Build.0 = Release|Any CPU
		{07169BFC-8C4B-4247-A607-63F3AF0BE3DF}.Test|Any CPU.ActiveCfg = Test|Any CPU
		{07169BFC-8C4B-4247-A607-63F3AF0BE3DF}.Test|Any CPU.Build.0 = Test|Any CPU
		{934FEBE9-9F45-49F5-BB0A-4BDE02F3B68B}.Debug|Any CPU.ActiveCfg = Debug|Any CPU
		{934FEBE9-9F45-49F5-BB0A-4BDE02F3B68B}.Debug|Any CPU.Build.0 = Debug|Any CPU
		{934FEBE9-9F45-49F5-BB0A-4BDE02F3B68B}.Release|Any CPU.ActiveCfg = Release|Any CPU
		{934FEBE9-9F45-49F5-BB0A-4BDE02F3B68B}.Release|Any CPU.Build.0 = Release|Any CPU
		{934FEBE9-9F45-49F5-BB0A-4BDE02F3B68B}.Test|Any CPU.ActiveCfg = Test|Any CPU
		{934FEBE9-9F45-49F5-BB0A-4BDE02F3B68B}.Test|Any CPU.Build.0 = Test|Any CPU
		{0E3617F2-A0D0-4509-B16D-14D4652CF6F0}.Debug|Any CPU.ActiveCfg = Debug|Any CPU
		{0E3617F2-A0D0-4509-B16D-14D4652CF6F0}.Debug|Any CPU.Build.0 = Debug|Any CPU
		{0E3617F2-A0D0-4509-B16D-14D4652CF6F0}.Release|Any CPU.ActiveCfg = Release|Any CPU
		{0E3617F2-A0D0-4509-B16D-14D4652CF6F0}.Release|Any CPU.Build.0 = Release|Any CPU
		{0E3617F2-A0D0-4509-B16D-14D4652CF6F0}.Test|Any CPU.ActiveCfg = Test|Any CPU
		{0E3617F2-A0D0-4509-B16D-14D4652CF6F0}.Test|Any CPU.Build.0 = Test|Any CPU
		{D0A3254E-4F0E-46F7-B6D0-4B64C1189B10}.Debug|Any CPU.ActiveCfg = Debug|Any CPU
		{D0A3254E-4F0E-46F7-B6D0-4B64C1189B10}.Debug|Any CPU.Build.0 = Debug|Any CPU
		{D0A3254E-4F0E-46F7-B6D0-4B64C1189B10}.Release|Any CPU.ActiveCfg = Release|Any CPU
		{D0A3254E-4F0E-46F7-B6D0-4B64C1189B10}.Release|Any CPU.Build.0 = Release|Any CPU
		{D0A3254E-4F0E-46F7-B6D0-4B64C1189B10}.Test|Any CPU.ActiveCfg = Release|Any CPU
		{D0A3254E-4F0E-46F7-B6D0-4B64C1189B10}.Test|Any CPU.Build.0 = Release|Any CPU
		{A0460B78-FCAF-49F7-AEC1-8856C3F65AD3}.Debug|Any CPU.ActiveCfg = Debug|Any CPU
		{A0460B78-FCAF-49F7-AEC1-8856C3F65AD3}.Debug|Any CPU.Build.0 = Debug|Any CPU
		{A0460B78-FCAF-49F7-AEC1-8856C3F65AD3}.Release|Any CPU.ActiveCfg = Release|Any CPU
		{A0460B78-FCAF-49F7-AEC1-8856C3F65AD3}.Release|Any CPU.Build.0 = Release|Any CPU
		{A0460B78-FCAF-49F7-AEC1-8856C3F65AD3}.Test|Any CPU.ActiveCfg = Release|Any CPU
		{A0460B78-FCAF-49F7-AEC1-8856C3F65AD3}.Test|Any CPU.Build.0 = Release|Any CPU
		{72918C73-F0A4-434B-836F-E06E75D59F86}.Debug|Any CPU.ActiveCfg = Debug|Any CPU
		{72918C73-F0A4-434B-836F-E06E75D59F86}.Debug|Any CPU.Build.0 = Debug|Any CPU
		{72918C73-F0A4-434B-836F-E06E75D59F86}.Release|Any CPU.ActiveCfg = Release|Any CPU
		{72918C73-F0A4-434B-836F-E06E75D59F86}.Release|Any CPU.Build.0 = Release|Any CPU
		{72918C73-F0A4-434B-836F-E06E75D59F86}.Test|Any CPU.ActiveCfg = Release|Any CPU
		{72918C73-F0A4-434B-836F-E06E75D59F86}.Test|Any CPU.Build.0 = Release|Any CPU
		{534BDC80-ACF4-4BA8-8DCD-4600F1DF6C88}.Debug|Any CPU.ActiveCfg = Debug|Any CPU
		{534BDC80-ACF4-4BA8-8DCD-4600F1DF6C88}.Debug|Any CPU.Build.0 = Debug|Any CPU
		{534BDC80-ACF4-4BA8-8DCD-4600F1DF6C88}.Debug|Any CPU.Deploy.0 = Debug|Any CPU
		{534BDC80-ACF4-4BA8-8DCD-4600F1DF6C88}.Release|Any CPU.ActiveCfg = Release|Any CPU
		{534BDC80-ACF4-4BA8-8DCD-4600F1DF6C88}.Release|Any CPU.Build.0 = Release|Any CPU
		{534BDC80-ACF4-4BA8-8DCD-4600F1DF6C88}.Release|Any CPU.Deploy.0 = Release|Any CPU
		{534BDC80-ACF4-4BA8-8DCD-4600F1DF6C88}.Test|Any CPU.ActiveCfg = Debug|Any CPU
		{534BDC80-ACF4-4BA8-8DCD-4600F1DF6C88}.Test|Any CPU.Build.0 = Debug|Any CPU
		{534BDC80-ACF4-4BA8-8DCD-4600F1DF6C88}.Test|Any CPU.Deploy.0 = Debug|Any CPU
	EndGlobalSection
	GlobalSection(SolutionProperties) = preSolution
		HideSolutionNode = FALSE
	EndGlobalSection
	GlobalSection(NestedProjects) = preSolution
		{AD9979F2-35B1-4A46-8911-FBD42A5D4389} = {D45212B8-0FF6-4876-AB55-B7F42A7052BA}
		{8FF1E4DA-9DB0-479B-8555-2640B23A0521} = {D45212B8-0FF6-4876-AB55-B7F42A7052BA}
		{4CFF7C06-39A8-42B2-933E-9114746C2148} = {CAD9A252-768C-4D5E-882C-992F5F636F10}
		{68110E34-C47A-4299-B9FD-388EF354C434} = {CAD9A252-768C-4D5E-882C-992F5F636F10}
		{C75FC4D0-A024-4361-A824-3FE7CA653AFB} = {C22B13BA-DEAE-418E-96C9-2459B7B16D9F}
		{EA2FB179-2C13-45C6-882D-A9C61B442CC4} = {C22B13BA-DEAE-418E-96C9-2459B7B16D9F}
		{07169BFC-8C4B-4247-A607-63F3AF0BE3DF} = {73D0D9B6-997D-458E-B770-89313E7D31CD}
		{D0A3254E-4F0E-46F7-B6D0-4B64C1189B10} = {73D0D9B6-997D-458E-B770-89313E7D31CD}
		{A0460B78-FCAF-49F7-AEC1-8856C3F65AD3} = {C22B13BA-DEAE-418E-96C9-2459B7B16D9F}
	EndGlobalSection
EndGlobal
